{
  "name": "reactNativeApp",
  "version": "0.0.1",
  "lockfileVersion": 1,
  "requires": true,
  "dependencies": {
    "react-native-share": {
      "version": "1.0.27",
      "resolved": "https://registry.npmjs.org/react-native-share/-/react-native-share-1.0.27.tgz",
      "integrity": "sha512-fSf+kJHy5OHfSl66hRZNf+584QH4Gp6O0BCKgQgMJwEnTutk6oBSSUHOa5zQ3W8GqbnhvMJSext7+mJXiEHDsA=="
    }
  }
}
