// !$*UTF8*$!
{
	archiveVersion = 1;
	classes = {
	};
	objectVersion = 48;
	objects = {

/* Begin PBXBuildFile section */
		2C8FF2C120358C1900AEC128 /* RNTranslationManager.m in Sources */ = {isa = PBXBuildFile; fileRef = 2C8FF2C020358C1900AEC128 /* RNTranslationManager.m */; };
		2C8FF2C220358C1900AEC128 /* RNTranslationManager.h in CopyFiles */ = {isa = PBXBuildFile; fileRef = 2C8FF2BF20358C1900AEC128 /* RNTranslationManager.h */; };
		5AD983A0376E54BF2837AE7D /* libPods-RNTranslationManager.a in Frameworks */ = {isa = PBXBuildFile; fileRef = A900F10DA1E1915BDF30F8A3 /* libPods-RNTranslationManager.a */; };
/* End PBXBuildFile section */

/* Begin PBXCopyFilesBuildPhase section */
		2C8FF2BA20358C1900AEC128 /* CopyFiles */ = {
			isa = PBXCopyFilesBuildPhase;
			buildActionMask = 2147483647;
			dstPath = "include/$(PRODUCT_NAME)";
			dstSubfolderSpec = 16;
			files = (
				2C8FF2C220358C1900AEC128 /* RNTranslationManager.h in CopyFiles */,
			);
			runOnlyForDeploymentPostprocessing = 0;
		};
/* End PBXCopyFilesBuildPhase section */

/* Begin PBXFileReference section */
		2C8FF2BC20358C1900AEC128 /* libRNTranslationManager.a */ = {isa = PBXFileReference; explicitFileType = archive.ar; includeInIndex = 0; path = libRNTranslationManager.a; sourceTree = BUILT_PRODUCTS_DIR; };
		2C8FF2BF20358C1900AEC128 /* RNTranslationManager.h */ = {isa = PBXFileReference; lastKnownFileType = sourcecode.c.h; path = RNTranslationManager.h; sourceTree = "<group>"; };
		2C8FF2C020358C1900AEC128 /* RNTranslationManager.m */ = {isa = PBXFileReference; lastKnownFileType = sourcecode.c.objc; path = RNTranslationManager.m; sourceTree = "<group>"; };
		9070B6AD9A867BBE527E8AB9 /* Pods-RNTranslationManager.debug.xcconfig */ = {isa = PBXFileReference; includeInIndex = 1; lastKnownFileType = text.xcconfig; name = "Pods-RNTranslationManager.debug.xcconfig"; path = "Pods/Target Support Files/Pods-RNTranslationManager/Pods-RNTranslationManager.debug.xcconfig"; sourceTree = "<group>"; };
		A900F10DA1E1915BDF30F8A3 /* libPods-RNTranslationManager.a */ = {isa = PBXFileReference; explicitFileType = archive.ar; includeInIndex = 0; path = "libPods-RNTranslationManager.a"; sourceTree = BUILT_PRODUCTS_DIR; };
		D7B9EDCC8DFBB83BC11A760A /* Pods-RNTranslationManager.release.xcconfig */ = {isa = PBXFileReference; includeInIndex = 1; lastKnownFileType = text.xcconfig; name = "Pods-RNTranslationManager.release.xcconfig"; path = "Pods/Target Support Files/Pods-RNTranslationManager/Pods-RNTranslationManager.release.xcconfig"; sourceTree = "<group>"; };
/* End PBXFileReference section */

/* Begin PBXFrameworksBuildPhase section */
		2C8FF2B920358C1900AEC128 /* Frameworks */ = {
			isa = PBXFrameworksBuildPhase;
			buildActionMask = 2147483647;
			files = (
				5AD983A0376E54BF2837AE7D /* libPods-RNTranslationManager.a in Frameworks */,
			);
			runOnlyForDeploymentPostprocessing = 0;
		};
/* End PBXFrameworksBuildPhase section */

/* Begin PBXGroup section */
		2C8FF2B320358C1900AEC128 = {
			isa = PBXGroup;
			children = (
				2C8FF2BE20358C1900AEC128 /* RNTranslationManager */,
				2C8FF2BD20358C1900AEC128 /* Products */,
				412043F446B99E88AA5B039A /* Pods */,
				31E30E18C3F4E0D67C690302 /* Frameworks */,
			);
			sourceTree = "<group>";
		};
		2C8FF2BD20358C1900AEC128 /* Products */ = {
			isa = PBXGroup;
			children = (
				2C8FF2BC20358C1900AEC128 /* libRNTranslationManager.a */,
			);
			name = Products;
			sourceTree = "<group>";
		};
		2C8FF2BE20358C1900AEC128 /* RNTranslationManager */ = {
			isa = PBXGroup;
			children = (
				2C8FF2BF20358C1900AEC128 /* RNTranslationManager.h */,
				2C8FF2C020358C1900AEC128 /* RNTranslationManager.m */,
			);
			path = RNTranslationManager;
			sourceTree = "<group>";
		};
		31E30E18C3F4E0D67C690302 /* Frameworks */ = {
			isa = PBXGroup;
			children = (
				A900F10DA1E1915BDF30F8A3 /* libPods-RNTranslationManager.a */,
			);
			name = Frameworks;
			sourceTree = "<group>";
		};
		412043F446B99E88AA5B039A /* Pods */ = {
			isa = PBXGroup;
			children = (
				9070B6AD9A867BBE527E8AB9 /* Pods-RNTranslationManager.debug.xcconfig */,
				D7B9EDCC8DFBB83BC11A760A /* Pods-RNTranslationManager.release.xcconfig */,
			);
			name = Pods;
			sourceTree = "<group>";
		};
/* End PBXGroup section */

/* Begin PBXNativeTarget section */
		2C8FF2BB20358C1900AEC128 /* RNTranslationManager */ = {
			isa = PBXNativeTarget;
			buildConfigurationList = 2C8FF2C520358C1900AEC128 /* Build configuration list for PBXNativeTarget "RNTranslationManager" */;
			buildPhases = (
				612E4C7528C717A718105A73 /* [CP] Check Pods Manifest.lock */,
				2C8FF2B820358C1900AEC128 /* Sources */,
				2C8FF2B920358C1900AEC128 /* Frameworks */,
				2C8FF2BA20358C1900AEC128 /* CopyFiles */,
				504BE5DFA6DF224CBE2799FE /* [CP] Copy Pods Resources */,
			);
			buildRules = (
			);
			dependencies = (
			);
			name = RNTranslationManager;
			productName = RNTranslationManager;
			productReference = 2C8FF2BC20358C1900AEC128 /* libRNTranslationManager.a */;
			productType = "com.apple.product-type.library.static";
		};
/* End PBXNativeTarget section */

/* Begin PBXProject section */
		2C8FF2B420358C1900AEC128 /* Project object */ = {
			isa = PBXProject;
			attributes = {
				LastUpgradeCheck = 0920;
				ORGANIZATIONNAME = Kiwi.com;
				TargetAttributes = {
					2C8FF2BB20358C1900AEC128 = {
						CreatedOnToolsVersion = 9.2;
						ProvisioningStyle = Automatic;
					};
				};
			};
			buildConfigurationList = 2C8FF2B720358C1900AEC128 /* Build configuration list for PBXProject "RNTranslationManager" */;
			compatibilityVersion = "Xcode 8.0";
			developmentRegion = en;
			hasScannedForEncodings = 0;
			knownRegions = (
				en,
			);
			mainGroup = 2C8FF2B320358C1900AEC128;
			productRefGroup = 2C8FF2BD20358C1900AEC128 /* Products */;
			projectDirPath = "";
			projectRoot = "";
			targets = (
				2C8FF2BB20358C1900AEC128 /* RNTranslationManager */,
			);
		};
/* End PBXProject section */

/* Begin PBXShellScriptBuildPhase section */
		504BE5DFA6DF224CBE2799FE /* [CP] Copy Pods Resources */ = {
			isa = PBXShellScriptBuildPhase;
			buildActionMask = 2147483647;
			files = (
			);
			inputPaths = (
			);
			name = "[CP] Copy Pods Resources";
			outputPaths = (
			);
			runOnlyForDeploymentPostprocessing = 0;
			shellPath = /bin/sh;
			shellScript = "\"${SRCROOT}/Pods/Target Support Files/Pods-RNTranslationManager/Pods-RNTranslationManager-resources.sh\"\n";
			showEnvVarsInLog = 0;
		};
		612E4C7528C717A718105A73 /* [CP] Check Pods Manifest.lock */ = {
			isa = PBXShellScriptBuildPhase;
			buildActionMask = 2147483647;
			files = (
			);
			inputPaths = (
				"${PODS_PODFILE_DIR_PATH}/Podfile.lock",
				"${PODS_ROOT}/Manifest.lock",
			);
			name = "[CP] Check Pods Manifest.lock";
			outputPaths = (
				"$(DERIVED_FILE_DIR)/Pods-RNTranslationManager-checkManifestLockResult.txt",
			);
			runOnlyForDeploymentPostprocessing = 0;
			shellPath = /bin/sh;
			shellScript = "diff \"${PODS_PODFILE_DIR_PATH}/Podfile.lock\" \"${PODS_ROOT}/Manifest.lock\" > /dev/null\nif [ $? != 0 ] ; then\n    # print error to STDERR\n    echo \"error: The sandbox is not in sync with the Podfile.lock. Run 'pod install' or update your CocoaPods installation.\" >&2\n    exit 1\nfi\n# This output is used by Xcode 'outputs' to avoid re-running this script phase.\necho \"SUCCESS\" > \"${SCRIPT_OUTPUT_FILE_0}\"\n";
			showEnvVarsInLog = 0;
		};
/* End PBXShellScriptBuildPhase section */

/* Begin PBXSourcesBuildPhase section */
		2C8FF2B820358C1900AEC128 /* Sources */ = {
			isa = PBXSourcesBuildPhase;
			buildActionMask = 2147483647;
			files = (
				2C8FF2C120358C1900AEC128 /* RNTranslationManager.m in Sources */,
			);
			runOnlyForDeploymentPostprocessing = 0;
		};
/* End PBXSourcesBuildPhase section */

/* Begin XCBuildConfiguration section */
		2C8FF2C320358C1900AEC128 /* Debug */ = {
			isa = XCBuildConfiguration;
			buildSettings = {
				ALWAYS_SEARCH_USER_PATHS = NO;
				CLANG_ANALYZER_NONNULL = YES;
				CLANG_ANALYZER_NUMBER_OBJECT_CONVERSION = YES_AGGRESSIVE;
				CLANG_CXX_LANGUAGE_STANDARD = "gnu++14";
				CLANG_CXX_LIBRARY = "libc++";
				CLANG_ENABLE_MODULES = YES;
				CLANG_ENABLE_OBJC_ARC = YES;
				CLANG_WARN_BLOCK_CAPTURE_AUTORELEASING = YES;
				CLANG_WARN_BOOL_CONVERSION = YES;
				CLANG_WARN_COMMA = YES;
				CLANG_WARN_CONSTANT_CONVERSION = YES;
				CLANG_WARN_DIRECT_OBJC_ISA_USAGE = YES_ERROR;
				CLANG_WARN_DOCUMENTATION_COMMENTS = YES;
				CLANG_WARN_EMPTY_BODY = YES;
				CLANG_WARN_ENUM_CONVERSION = YES;
				CLANG_WARN_INFINITE_RECURSION = YES;
				CLANG_WARN_INT_CONVERSION = YES;
				CLANG_WARN_NON_LITERAL_NULL_CONVERSION = YES;
				CLANG_WARN_OBJC_LITERAL_CONVERSION = YES;
				CLANG_WARN_OBJC_ROOT_CLASS = YES_ERROR;
				CLANG_WARN_RANGE_LOOP_ANALYSIS = YES;
				CLANG_WARN_STRICT_PROTOTYPES = YES;
				CLANG_WARN_SUSPICIOUS_MOVE = YES;
				CLANG_WARN_UNGUARDED_AVAILABILITY = YES_AGGRESSIVE;
				CLANG_WARN_UNREACHABLE_CODE = YES;
				CLANG_WARN__DUPLICATE_METHOD_MATCH = YES;
				CODE_SIGN_IDENTITY = "iPhone Developer";
				COPY_PHASE_STRIP = NO;
				DEBUG_INFORMATION_FORMAT = dwarf;
				ENABLE_STRICT_OBJC_MSGSEND = YES;
				ENABLE_TESTABILITY = YES;
				GCC_C_LANGUAGE_STANDARD = gnu11;
				GCC_DYNAMIC_NO_PIC = NO;
				GCC_NO_COMMON_BLOCKS = YES;
				GCC_OPTIMIZATION_LEVEL = 0;
				GCC_PREPROCESSOR_DEFINITIONS = (
					"DEBUG=1",
					"$(inherited)",
				);
				GCC_WARN_64_TO_32_BIT_CONVERSION = YES;
				GCC_WARN_ABOUT_RETURN_TYPE = YES_ERROR;
				GCC_WARN_UNDECLARED_SELECTOR = YES;
				GCC_WARN_UNINITIALIZED_AUTOS = YES_AGGRESSIVE;
				GCC_WARN_UNUSED_FUNCTION = YES;
				GCC_WARN_UNUSED_VARIABLE = YES;
				IPHONEOS_DEPLOYMENT_TARGET = 11.2;
				MTL_ENABLE_DEBUG_INFO = YES;
				ONLY_ACTIVE_ARCH = YES;
				SDKROOT = iphoneos;
			};
			name = Debug;
		};
		2C8FF2C420358C1900AEC128 /* Release */ = {
			isa = XCBuildConfiguration;
			buildSettings = {
				ALWAYS_SEARCH_USER_PATHS = NO;
				CLANG_ANALYZER_NONNULL = YES;
				CLANG_ANALYZER_NUMBER_OBJECT_CONVERSION = YES_AGGRESSIVE;
				CLANG_CXX_LANGUAGE_STANDARD = "gnu++14";
				CLANG_CXX_LIBRARY = "libc++";
				CLANG_ENABLE_MODULES = YES;
				CLANG_ENABLE_OBJC_ARC = YES;
				CLANG_WARN_BLOCK_CAPTURE_AUTORELEASING = YES;
				CLANG_WARN_BOOL_CONVERSION = YES;
				CLANG_WARN_COMMA = YES;
				CLANG_WARN_CONSTANT_CONVERSION = YES;
				CLANG_WARN_DIRECT_OBJC_ISA_USAGE = YES_ERROR;
				CLANG_WARN_DOCUMENTATION_COMMENTS = YES;
				CLANG_WARN_EMPTY_BODY = YES;
				CLANG_WARN_ENUM_CONVERSION = YES;
				CLANG_WARN_INFINITE_RECURSION = YES;
				CLANG_WARN_INT_CONVERSION = YES;
				CLANG_WARN_NON_LITERAL_NULL_CONVERSION = YES;
				CLANG_WARN_OBJC_LITERAL_CONVERSION = YES;
				CLANG_WARN_OBJC_ROOT_CLASS = YES_ERROR;
				CLANG_WARN_RANGE_LOOP_ANALYSIS = YES;
				CLANG_WARN_STRICT_PROTOTYPES = YES;
				CLANG_WARN_SUSPICIOUS_MOVE = YES;
				CLANG_WARN_UNGUARDED_AVAILABILITY = YES_AGGRESSIVE;
				CLANG_WARN_UNREACHABLE_CODE = YES;
				CLANG_WARN__DUPLICATE_METHOD_MATCH = YES;
				CODE_SIGN_IDENTITY = "iPhone Developer";
				COPY_PHASE_STRIP = NO;
				DEBUG_INFORMATION_FORMAT = "dwarf-with-dsym";
				ENABLE_NS_ASSERTIONS = NO;
				ENABLE_STRICT_OBJC_MSGSEND = YES;
				GCC_C_LANGUAGE_STANDARD = gnu11;
				GCC_NO_COMMON_BLOCKS = YES;
				GCC_WARN_64_TO_32_BIT_CONVERSION = YES;
				GCC_WARN_ABOUT_RETURN_TYPE = YES_ERROR;
				GCC_WARN_UNDECLARED_SELECTOR = YES;
				GCC_WARN_UNINITIALIZED_AUTOS = YES_AGGRESSIVE;
				GCC_WARN_UNUSED_FUNCTION = YES;
				GCC_WARN_UNUSED_VARIABLE = YES;
				IPHONEOS_DEPLOYMENT_TARGET = 11.2;
				MTL_ENABLE_DEBUG_INFO = NO;
				SDKROOT = iphoneos;
				VALIDATE_PRODUCT = YES;
			};
			name = Release;
		};
		2C8FF2C620358C1900AEC128 /* Debug */ = {
			isa = XCBuildConfiguration;
			baseConfigurationReference = 9070B6AD9A867BBE527E8AB9 /* Pods-RNTranslationManager.debug.xcconfig */;
			buildSettings = {
				CODE_SIGN_STYLE = Automatic;
				DEVELOPMENT_TEAM = G44VYF3687;
				OTHER_LDFLAGS = "-ObjC";
				PRODUCT_NAME = "$(TARGET_NAME)";
				SKIP_INSTALL = YES;
				TARGETED_DEVICE_FAMILY = "1,2";
			};
			name = Debug;
		};
		2C8FF2C720358C1900AEC128 /* Release */ = {
			isa = XCBuildConfiguration;
			baseConfigurationReference = D7B9EDCC8DFBB83BC11A760A /* Pods-RNTranslationManager.release.xcconfig */;
			buildSettings = {
				CODE_SIGN_STYLE = Automatic;
				DEVELOPMENT_TEAM = G44VYF3687;
				OTHER_LDFLAGS = "-ObjC";
				PRODUCT_NAME = "$(TARGET_NAME)";
				SKIP_INSTALL = YES;
				TARGETED_DEVICE_FAMILY = "1,2";
			};
			name = Release;
		};
/* End XCBuildConfiguration section */

/* Begin XCConfigurationList section */
		2C8FF2B720358C1900AEC128 /* Build configuration list for PBXProject "RNTranslationManager" */ = {
			isa = XCConfigurationList;
			buildConfigurations = (
				2C8FF2C320358C1900AEC128 /* Debug */,
				2C8FF2C420358C1900AEC128 /* Release */,
			);
			defaultConfigurationIsVisible = 0;
			defaultConfigurationName = Release;
		};
		2C8FF2C520358C1900AEC128 /* Build configuration list for PBXNativeTarget "RNTranslationManager" */ = {
			isa = XCConfigurationList;
			buildConfigurations = (
				2C8FF2C620358C1900AEC128 /* Debug */,
				2C8FF2C720358C1900AEC128 /* Release */,
			);
			defaultConfigurationIsVisible = 0;
			defaultConfigurationName = Release;
		};
/* End XCConfigurationList section */
	};
	rootObject = 2C8FF2B420358C1900AEC128 /* Project object */;
}
