// !$*UTF8*$!
{
	archiveVersion = 1;
	classes = {
	};
	objectVersion = 46;
	objects = {

/* Begin PBXBuildFile section */
		012E4C1BA8444C8182992EEB /* Ionicons.ttf in Resources */ = {isa = PBXBuildFile; fileRef = B11306CBC6D24D3C990EAC4B /* Ionicons.ttf */; };
		038BD3170181472CA3083F7C /* SimpleLineIcons.ttf in Resources */ = {isa = PBXBuildFile; fileRef = 6603DB7CD9F34D7AB1AD5B21 /* SimpleLineIcons.ttf */; };
		03D20B5071D8480381221201 /* Feather.ttf in Resources */ = {isa = PBXBuildFile; fileRef = 930DC3E79F864AEFBC5F91D7 /* Feather.ttf */; };
		0897E83159B140B5AD8D8D92 /* EvilIcons.ttf in Resources */ = {isa = PBXBuildFile; fileRef = E2B3E92C36254A399220D4DE /* EvilIcons.ttf */; };
		0DFDC54B85CC45A3B31CACFB /* FontAwesome.ttf in Resources */ = {isa = PBXBuildFile; fileRef = 5377C27743964C6D8EF1FA05 /* FontAwesome.ttf */; };
		13B07FBC1A68108700A75B9A /* AppDelegate.m in Sources */ = {isa = PBXBuildFile; fileRef = 13B07FB01A68108700A75B9A /* AppDelegate.m */; };
		13B07FBD1A68108700A75B9A /* LaunchScreen.xib in Resources */ = {isa = PBXBuildFile; fileRef = 13B07FB11A68108700A75B9A /* LaunchScreen.xib */; };
		13B07FBF1A68108700A75B9A /* Images.xcassets in Resources */ = {isa = PBXBuildFile; fileRef = 13B07FB51A68108700A75B9A /* Images.xcassets */; };
		13B07FC11A68108700A75B9A /* main.m in Sources */ = {isa = PBXBuildFile; fileRef = 13B07FB71A68108700A75B9A /* main.m */; };
		2107154620B5677200E6C96B /* RNKiwiGestureController.m in Sources */ = {isa = PBXBuildFile; fileRef = 2107154420B5677200E6C96B /* RNKiwiGestureController.m */; };
		2107154720B5677200E6C96B /* RNKiwiGestureController.h in Headers */ = {isa = PBXBuildFile; fileRef = 2107154520B5677200E6C96B /* RNKiwiGestureController.h */; };
		215881F520C7FF140016707A /* RNKiwiMobile.framework in Embed Frameworks */ = {isa = PBXBuildFile; fileRef = 27E931B020AD96780053AE19 /* RNKiwiMobile.framework */; settings = {ATTRIBUTES = (CodeSignOnCopy, RemoveHeadersOnCopy, ); }; };
		21B8D73221834B830079431F /* City.m in Sources */ = {isa = PBXBuildFile; fileRef = 21B8D73121834B830079431F /* City.m */; };
		21EFD4CD21768D8C00B5F21B /* Images.xcassets in Resources */ = {isa = PBXBuildFile; fileRef = 13B07FB51A68108700A75B9A /* Images.xcassets */; };
		24FF33FA378944ACA7C85EA8 /* Zocial.ttf in Resources */ = {isa = PBXBuildFile; fileRef = 46C66C53E2B841209A9370D0 /* Zocial.ttf */; };
		2711986220B1F7E300C6292B /* Entypo.ttf in Resources */ = {isa = PBXBuildFile; fileRef = CB92C0158EB3448ABD260167 /* Entypo.ttf */; };
		2711986320B1F7E300C6292B /* EvilIcons.ttf in Resources */ = {isa = PBXBuildFile; fileRef = E2B3E92C36254A399220D4DE /* EvilIcons.ttf */; };
		2711986420B1F7E300C6292B /* Feather.ttf in Resources */ = {isa = PBXBuildFile; fileRef = 930DC3E79F864AEFBC5F91D7 /* Feather.ttf */; };
		2711986520B1F7E300C6292B /* FontAwesome.ttf in Resources */ = {isa = PBXBuildFile; fileRef = 5377C27743964C6D8EF1FA05 /* FontAwesome.ttf */; };
		2711986620B1F7E300C6292B /* Foundation.ttf in Resources */ = {isa = PBXBuildFile; fileRef = 38EC9C92B1414019B0EAF6AF /* Foundation.ttf */; };
		2711986720B1F7E300C6292B /* Ionicons.ttf in Resources */ = {isa = PBXBuildFile; fileRef = B11306CBC6D24D3C990EAC4B /* Ionicons.ttf */; };
		2711986820B1F7E300C6292B /* MaterialCommunityIcons.ttf in Resources */ = {isa = PBXBuildFile; fileRef = 645A06359A464CB0B63845A2 /* MaterialCommunityIcons.ttf */; };
		2711986920B1F7E300C6292B /* MaterialIcons.ttf in Resources */ = {isa = PBXBuildFile; fileRef = F477A1D455304A4EA37DF899 /* MaterialIcons.ttf */; };
		2711986A20B1F7E300C6292B /* Octicons.ttf in Resources */ = {isa = PBXBuildFile; fileRef = 929CCF0BD6A142DEAB8DA917 /* Octicons.ttf */; };
		2711986B20B1F7E300C6292B /* SimpleLineIcons.ttf in Resources */ = {isa = PBXBuildFile; fileRef = 6603DB7CD9F34D7AB1AD5B21 /* SimpleLineIcons.ttf */; };
		2711986C20B1F7E300C6292B /* Zocial.ttf in Resources */ = {isa = PBXBuildFile; fileRef = 46C66C53E2B841209A9370D0 /* Zocial.ttf */; };
		2711986F20B2A0C100C6292B /* RNKiwiSharedBridge.h in Headers */ = {isa = PBXBuildFile; fileRef = 2711986D20B2A0C100C6292B /* RNKiwiSharedBridge.h */; settings = {ATTRIBUTES = (Public, ); }; };
		2711987020B2A0C100C6292B /* RNKiwiSharedBridge.m in Sources */ = {isa = PBXBuildFile; fileRef = 2711986E20B2A0C100C6292B /* RNKiwiSharedBridge.m */; };
		27E931B420AD96790053AE19 /* RNKiwiMobile.h in Headers */ = {isa = PBXBuildFile; fileRef = 27E931B220AD96790053AE19 /* RNKiwiMobile.h */; settings = {ATTRIBUTES = (Public, ); }; };
		27E931C020AD987C0053AE19 /* RNKiwiViewController.h in Headers */ = {isa = PBXBuildFile; fileRef = 27E931BE20AD987C0053AE19 /* RNKiwiViewController.h */; settings = {ATTRIBUTES = (Public, ); }; };
		27E931C120AD987C0053AE19 /* RNKiwiViewController.m in Sources */ = {isa = PBXBuildFile; fileRef = 27E931BF20AD987C0053AE19 /* RNKiwiViewController.m */; };
		27E931C320AD9A2A0053AE19 /* RNKiwiViewControllerFlowDelegate.h in Headers */ = {isa = PBXBuildFile; fileRef = 27E931C220AD9A280053AE19 /* RNKiwiViewControllerFlowDelegate.h */; settings = {ATTRIBUTES = (Public, ); }; };
		27E931C520AD9A4B0053AE19 /* RNKiwiCurrencyManager.h in Headers */ = {isa = PBXBuildFile; fileRef = 27E931C420AD9A480053AE19 /* RNKiwiCurrencyManager.h */; settings = {ATTRIBUTES = (Public, ); }; };
		27E931C720AD9A620053AE19 /* RNKiwiTranslationProvider.h in Headers */ = {isa = PBXBuildFile; fileRef = 27E931C620AD9A620053AE19 /* RNKiwiTranslationProvider.h */; settings = {ATTRIBUTES = (Public, ); }; };
		27E931CD20AD9EF60053AE19 /* libPods-RNKiwiMobile.a in Frameworks */ = {isa = PBXBuildFile; fileRef = 27E931CC20AD9EF60053AE19 /* libPods-RNKiwiMobile.a */; };
		27E931D620ADA0600053AE19 /* AppDelegate.m in Sources */ = {isa = PBXBuildFile; fileRef = 27E931D520ADA0600053AE19 /* AppDelegate.m */; };
		27E931D920ADA0600053AE19 /* ViewController.m in Sources */ = {isa = PBXBuildFile; fileRef = 27E931D820ADA0600053AE19 /* ViewController.m */; };
		27E931DC20ADA0600053AE19 /* Main.storyboard in Resources */ = {isa = PBXBuildFile; fileRef = 27E931DA20ADA0600053AE19 /* Main.storyboard */; };
		27E931E120ADA0630053AE19 /* LaunchScreen.storyboard in Resources */ = {isa = PBXBuildFile; fileRef = 27E931DF20ADA0630053AE19 /* LaunchScreen.storyboard */; };
		27E931E420ADA0630053AE19 /* main.m in Sources */ = {isa = PBXBuildFile; fileRef = 27E931E320ADA0630053AE19 /* main.m */; };
		3B029E80AD3948E19D4E6814 /* MaterialIcons.ttf in Resources */ = {isa = PBXBuildFile; fileRef = F477A1D455304A4EA37DF899 /* MaterialIcons.ttf */; };
		51A8F6BE673D4671A3545CD8 /* CircularPro-Medium.otf in Resources */ = {isa = PBXBuildFile; fileRef = 50EB547AC35C4D25B73F0376 /* CircularPro-Medium.otf */; };
		60854A62F6F281394EE676B5 /* libPods-reactNativeApp.a in Frameworks */ = {isa = PBXBuildFile; fileRef = 0520FD3BC77D396F74CF8285 /* libPods-reactNativeApp.a */; };
		63A8419D20C853840093183F /* Social.framework in Frameworks */ = {isa = PBXBuildFile; fileRef = 63A8419C20C853840093183F /* Social.framework */; };
		63A8419F20C8538A0093183F /* MessageUI.framework in Frameworks */ = {isa = PBXBuildFile; fileRef = 63A8419E20C8538A0093183F /* MessageUI.framework */; };
		686E004B20B2E1360013512F /* RNKiwiConstants.h in Headers */ = {isa = PBXBuildFile; fileRef = 686E004A20B2E1360013512F /* RNKiwiConstants.h */; settings = {ATTRIBUTES = (Public, ); }; };
		686E005120B2E24B0013512F /* RNKiwiConstants.m in Sources */ = {isa = PBXBuildFile; fileRef = 686E005020B2E24B0013512F /* RNKiwiConstants.m */; };
		6899E0882152982800BE12CE /* orbit-icons.ttf in Resources */ = {isa = PBXBuildFile; fileRef = ABF7005A276C4AAF97361BF7 /* orbit-icons.ttf */; };
		68E80E25215E66CD00EB4717 /* CircularPro-Book.otf in Resources */ = {isa = PBXBuildFile; fileRef = A6319717E9F64AE8AFA770C0 /* CircularPro-Book.otf */; };
		6AC23FDF8E5142199F66BC24 /* CircularPro-Bold.otf in Resources */ = {isa = PBXBuildFile; fileRef = 71A4A2C5C6994635AF8475F2 /* CircularPro-Bold.otf */; };
		7EEEE5BA4A6944DCBDECD4C3 /* Octicons.ttf in Resources */ = {isa = PBXBuildFile; fileRef = 929CCF0BD6A142DEAB8DA917 /* Octicons.ttf */; };
		898C440300784E69B91D0ED6 /* Roboto-Medium.ttf in Resources */ = {isa = PBXBuildFile; fileRef = 2D1E4633998A4228B3B7F222 /* Roboto-Medium.ttf */; };
		A33D4A1D5C6845B3B939C9F8 /* Foundation.ttf in Resources */ = {isa = PBXBuildFile; fileRef = 38EC9C92B1414019B0EAF6AF /* Foundation.ttf */; };
		A96754F560094312A0F7CAB7 /* Entypo.ttf in Resources */ = {isa = PBXBuildFile; fileRef = CB92C0158EB3448ABD260167 /* Entypo.ttf */; };
		ACD6B846BABD460FB7D68067 /* orbit-icons.ttf in Resources */ = {isa = PBXBuildFile; fileRef = ABF7005A276C4AAF97361BF7 /* orbit-icons.ttf */; };
		B025D45E10CE4ED9A975D6DF /* MaterialCommunityIcons.ttf in Resources */ = {isa = PBXBuildFile; fileRef = 645A06359A464CB0B63845A2 /* MaterialCommunityIcons.ttf */; };
		DD9F4DDDD70840CBBECA0434 /* CircularPro-Book.otf in Resources */ = {isa = PBXBuildFile; fileRef = A6319717E9F64AE8AFA770C0 /* CircularPro-Book.otf */; };
		F42D2DA1998548F1808065BE /* Roboto-Bold.ttf in Resources */ = {isa = PBXBuildFile; fileRef = 5EF541A9996B4D6AB8AEDA5B /* Roboto-Bold.ttf */; };
		FA705002A8FD4F5BBDB4B4F4 /* Roboto-Regular.ttf in Resources */ = {isa = PBXBuildFile; fileRef = B6490E2D178E410C908FF998 /* Roboto-Regular.ttf */; };
/* End PBXBuildFile section */

/* Begin PBXContainerItemProxy section */
		215881F620C7FF140016707A /* PBXContainerItemProxy */ = {
			isa = PBXContainerItemProxy;
			containerPortal = 83CBB9F71A601CBA00E9B192 /* Project object */;
			proxyType = 1;
			remoteGlobalIDString = 27E931AF20AD96780053AE19;
			remoteInfo = RNKiwiMobile;
		};
/* End PBXContainerItemProxy section */

/* Begin PBXCopyFilesBuildPhase section */
		215881F820C7FF140016707A /* Embed Frameworks */ = {
			isa = PBXCopyFilesBuildPhase;
			buildActionMask = 2147483647;
			dstPath = "";
			dstSubfolderSpec = 10;
			files = (
				215881F520C7FF140016707A /* RNKiwiMobile.framework in Embed Frameworks */,
			);
			name = "Embed Frameworks";
			runOnlyForDeploymentPostprocessing = 0;
		};
		2CFA6F60202765C4009899FA /* Embed Frameworks */ = {
			isa = PBXCopyFilesBuildPhase;
			buildActionMask = 2147483647;
			dstPath = "";
			dstSubfolderSpec = 10;
			files = (
			);
			name = "Embed Frameworks";
			runOnlyForDeploymentPostprocessing = 0;
		};
/* End PBXCopyFilesBuildPhase section */

/* Begin PBXFileReference section */
		00DA89B53EF7CDBADBC96DBF /* Pods-RNKiwiMobile.staging.xcconfig */ = {isa = PBXFileReference; includeInIndex = 1; lastKnownFileType = text.xcconfig; name = "Pods-RNKiwiMobile.staging.xcconfig"; path = "Pods/Target Support Files/Pods-RNKiwiMobile/Pods-RNKiwiMobile.staging.xcconfig"; sourceTree = "<group>"; };
		04E0C4EE593813CA3FA1D99C /* libPods-RNKiwiMobile.a */ = {isa = PBXFileReference; explicitFileType = archive.ar; includeInIndex = 0; path = "libPods-RNKiwiMobile.a"; sourceTree = BUILT_PRODUCTS_DIR; };
		0520FD3BC77D396F74CF8285 /* libPods-reactNativeApp.a */ = {isa = PBXFileReference; explicitFileType = archive.ar; includeInIndex = 0; path = "libPods-reactNativeApp.a"; sourceTree = BUILT_PRODUCTS_DIR; };
		061B5B242124401AB0BFCE38 /* Pods-reactNativeApp.staging.xcconfig */ = {isa = PBXFileReference; includeInIndex = 1; lastKnownFileType = text.xcconfig; name = "Pods-reactNativeApp.staging.xcconfig"; path = "Pods/Target Support Files/Pods-reactNativeApp/Pods-reactNativeApp.staging.xcconfig"; sourceTree = "<group>"; };
		13B07F961A680F5B00A75B9A /* reactNativeApp.app */ = {isa = PBXFileReference; explicitFileType = wrapper.application; includeInIndex = 0; path = reactNativeApp.app; sourceTree = BUILT_PRODUCTS_DIR; };
		13B07FAF1A68108700A75B9A /* AppDelegate.h */ = {isa = PBXFileReference; fileEncoding = 4; lastKnownFileType = sourcecode.c.h; name = AppDelegate.h; path = reactNativeApp/AppDelegate.h; sourceTree = "<group>"; };
		13B07FB01A68108700A75B9A /* AppDelegate.m */ = {isa = PBXFileReference; fileEncoding = 4; lastKnownFileType = sourcecode.c.objc; name = AppDelegate.m; path = reactNativeApp/AppDelegate.m; sourceTree = "<group>"; };
		13B07FB21A68108700A75B9A /* Base */ = {isa = PBXFileReference; lastKnownFileType = file.xib; name = Base; path = Base.lproj/LaunchScreen.xib; sourceTree = "<group>"; };
		13B07FB51A68108700A75B9A /* Images.xcassets */ = {isa = PBXFileReference; lastKnownFileType = folder.assetcatalog; name = Images.xcassets; path = reactNativeApp/Images.xcassets; sourceTree = "<group>"; };
		13B07FB61A68108700A75B9A /* Info.plist */ = {isa = PBXFileReference; fileEncoding = 4; lastKnownFileType = text.plist.xml; name = Info.plist; path = reactNativeApp/Info.plist; sourceTree = "<group>"; };
		13B07FB71A68108700A75B9A /* main.m */ = {isa = PBXFileReference; fileEncoding = 4; lastKnownFileType = sourcecode.c.objc; name = main.m; path = reactNativeApp/main.m; sourceTree = "<group>"; };
		2107154420B5677200E6C96B /* RNKiwiGestureController.m */ = {isa = PBXFileReference; fileEncoding = 4; lastKnownFileType = sourcecode.c.objc; path = RNKiwiGestureController.m; sourceTree = "<group>"; };
		2107154520B5677200E6C96B /* RNKiwiGestureController.h */ = {isa = PBXFileReference; fileEncoding = 4; lastKnownFileType = sourcecode.c.h; path = RNKiwiGestureController.h; sourceTree = "<group>"; };
		219FCC5721753448008F5428 /* libCodePush.a */ = {isa = PBXFileReference; explicitFileType = archive.ar; path = libCodePush.a; sourceTree = BUILT_PRODUCTS_DIR; };
		219FCC5921753450008F5428 /* libz.tbd */ = {isa = PBXFileReference; lastKnownFileType = "sourcecode.text-based-dylib-definition"; name = libz.tbd; path = usr/lib/libz.tbd; sourceTree = SDKROOT; };
		21B8D73121834B830079431F /* City.m */ = {isa = PBXFileReference; lastKnownFileType = sourcecode.c.objc; path = City.m; sourceTree = "<group>"; };
		21B8D73321834BA10079431F /* City.h */ = {isa = PBXFileReference; lastKnownFileType = sourcecode.c.h; path = City.h; sourceTree = "<group>"; };
		21C03BEA6DA8479DBFFA62F0 /* Roboto-Regular.ttf */ = {isa = PBXFileReference; explicitFileType = undefined; fileEncoding = 9; includeInIndex = 0; lastKnownFileType = unknown; name = "Roboto-Regular.ttf"; path = "../assets/fonts/Roboto-Regular.ttf"; sourceTree = "<group>"; };
		21CB5C092188C47900A22229 /* example_keys.xcconfig */ = {isa = PBXFileReference; lastKnownFileType = text.xcconfig; path = example_keys.xcconfig; sourceTree = "<group>"; };
		21CB5C0A2188C49700A22229 /* keys.xcconfig */ = {isa = PBXFileReference; lastKnownFileType = text.xcconfig; path = keys.xcconfig; sourceTree = "<group>"; };
		2711986D20B2A0C100C6292B /* RNKiwiSharedBridge.h */ = {isa = PBXFileReference; lastKnownFileType = sourcecode.c.h; path = RNKiwiSharedBridge.h; sourceTree = "<group>"; };
		2711986E20B2A0C100C6292B /* RNKiwiSharedBridge.m */ = {isa = PBXFileReference; lastKnownFileType = sourcecode.c.objc; path = RNKiwiSharedBridge.m; sourceTree = "<group>"; };
		27E931B020AD96780053AE19 /* RNKiwiMobile.framework */ = {isa = PBXFileReference; explicitFileType = wrapper.framework; includeInIndex = 0; path = RNKiwiMobile.framework; sourceTree = BUILT_PRODUCTS_DIR; };
		27E931B220AD96790053AE19 /* RNKiwiMobile.h */ = {isa = PBXFileReference; lastKnownFileType = sourcecode.c.h; path = RNKiwiMobile.h; sourceTree = "<group>"; };
		27E931B320AD96790053AE19 /* Info.plist */ = {isa = PBXFileReference; lastKnownFileType = text.plist.xml; path = Info.plist; sourceTree = "<group>"; };
		27E931BE20AD987C0053AE19 /* RNKiwiViewController.h */ = {isa = PBXFileReference; lastKnownFileType = sourcecode.c.h; path = RNKiwiViewController.h; sourceTree = "<group>"; };
		27E931BF20AD987C0053AE19 /* RNKiwiViewController.m */ = {isa = PBXFileReference; lastKnownFileType = sourcecode.c.objc; path = RNKiwiViewController.m; sourceTree = "<group>"; };
		27E931C220AD9A280053AE19 /* RNKiwiViewControllerFlowDelegate.h */ = {isa = PBXFileReference; lastKnownFileType = sourcecode.c.h; path = RNKiwiViewControllerFlowDelegate.h; sourceTree = "<group>"; };
		27E931C420AD9A480053AE19 /* RNKiwiCurrencyManager.h */ = {isa = PBXFileReference; lastKnownFileType = sourcecode.c.h; path = RNKiwiCurrencyManager.h; sourceTree = "<group>"; };
		27E931C620AD9A620053AE19 /* RNKiwiTranslationProvider.h */ = {isa = PBXFileReference; lastKnownFileType = sourcecode.c.h; path = RNKiwiTranslationProvider.h; sourceTree = "<group>"; };
		27E931CA20AD9EE70053AE19 /* libPods-RNPlayground.a */ = {isa = PBXFileReference; explicitFileType = archive.ar; path = "libPods-RNPlayground.a"; sourceTree = BUILT_PRODUCTS_DIR; };
		27E931CC20AD9EF60053AE19 /* libPods-RNKiwiMobile.a */ = {isa = PBXFileReference; explicitFileType = archive.ar; path = "libPods-RNKiwiMobile.a"; sourceTree = BUILT_PRODUCTS_DIR; };
		27E931D220ADA0600053AE19 /* RNNativePlayground.app */ = {isa = PBXFileReference; explicitFileType = wrapper.application; includeInIndex = 0; path = RNNativePlayground.app; sourceTree = BUILT_PRODUCTS_DIR; };
		27E931D420ADA0600053AE19 /* AppDelegate.h */ = {isa = PBXFileReference; lastKnownFileType = sourcecode.c.h; path = AppDelegate.h; sourceTree = "<group>"; };
		27E931D520ADA0600053AE19 /* AppDelegate.m */ = {isa = PBXFileReference; lastKnownFileType = sourcecode.c.objc; path = AppDelegate.m; sourceTree = "<group>"; };
		27E931D720ADA0600053AE19 /* ViewController.h */ = {isa = PBXFileReference; lastKnownFileType = sourcecode.c.h; path = ViewController.h; sourceTree = "<group>"; };
		27E931D820ADA0600053AE19 /* ViewController.m */ = {isa = PBXFileReference; lastKnownFileType = sourcecode.c.objc; path = ViewController.m; sourceTree = "<group>"; };
		27E931DB20ADA0600053AE19 /* Base */ = {isa = PBXFileReference; lastKnownFileType = file.storyboard; name = Base; path = Base.lproj/Main.storyboard; sourceTree = "<group>"; };
		27E931E020ADA0630053AE19 /* Base */ = {isa = PBXFileReference; lastKnownFileType = file.storyboard; name = Base; path = Base.lproj/LaunchScreen.storyboard; sourceTree = "<group>"; };
		27E931E220ADA0630053AE19 /* Info.plist */ = {isa = PBXFileReference; lastKnownFileType = text.plist.xml; path = Info.plist; sourceTree = "<group>"; };
		27E931E320ADA0630053AE19 /* main.m */ = {isa = PBXFileReference; lastKnownFileType = sourcecode.c.objc; path = main.m; sourceTree = "<group>"; };
		2C62C7C2DC5B49F98F047AD3 /* CircularPro-Medium.otf */ = {isa = PBXFileReference; explicitFileType = undefined; fileEncoding = 9; includeInIndex = 0; lastKnownFileType = unknown; name = "CircularPro-Medium.otf"; path = "../assets/fonts/CircularPro-Medium.otf"; sourceTree = "<group>"; };
		2D1E4633998A4228B3B7F222 /* Roboto-Medium.ttf */ = {isa = PBXFileReference; explicitFileType = undefined; fileEncoding = 9; includeInIndex = 0; lastKnownFileType = unknown; name = "Roboto-Medium.ttf"; path = "../assets/fonts/android/Roboto-Medium.ttf"; sourceTree = "<group>"; };
		34003FC5EE453F3F2C072F56 /* libPods-RNNativePlayground.a */ = {isa = PBXFileReference; explicitFileType = archive.ar; includeInIndex = 0; path = "libPods-RNNativePlayground.a"; sourceTree = BUILT_PRODUCTS_DIR; };
		38EC9C92B1414019B0EAF6AF /* Foundation.ttf */ = {isa = PBXFileReference; explicitFileType = undefined; fileEncoding = 9; includeInIndex = 0; lastKnownFileType = unknown; name = Foundation.ttf; path = "../node_modules/react-native-vector-icons/Fonts/Foundation.ttf"; sourceTree = "<group>"; };
		46C66C53E2B841209A9370D0 /* Zocial.ttf */ = {isa = PBXFileReference; explicitFileType = undefined; fileEncoding = 9; includeInIndex = 0; lastKnownFileType = unknown; name = Zocial.ttf; path = "../node_modules/react-native-vector-icons/Fonts/Zocial.ttf"; sourceTree = "<group>"; };
		50EB547AC35C4D25B73F0376 /* CircularPro-Medium.otf */ = {isa = PBXFileReference; explicitFileType = undefined; fileEncoding = 9; includeInIndex = 0; lastKnownFileType = unknown; name = "CircularPro-Medium.otf"; path = "../assets/fonts/ios/CircularPro-Medium.otf"; sourceTree = "<group>"; };
		5377C27743964C6D8EF1FA05 /* FontAwesome.ttf */ = {isa = PBXFileReference; explicitFileType = undefined; fileEncoding = 9; includeInIndex = 0; lastKnownFileType = unknown; name = FontAwesome.ttf; path = "../node_modules/react-native-vector-icons/Fonts/FontAwesome.ttf"; sourceTree = "<group>"; };
		5EF541A9996B4D6AB8AEDA5B /* Roboto-Bold.ttf */ = {isa = PBXFileReference; explicitFileType = undefined; fileEncoding = 9; includeInIndex = 0; lastKnownFileType = unknown; name = "Roboto-Bold.ttf"; path = "../assets/fonts/android/Roboto-Bold.ttf"; sourceTree = "<group>"; };
		63A8419C20C853840093183F /* Social.framework */ = {isa = PBXFileReference; lastKnownFileType = wrapper.framework; name = Social.framework; path = System/Library/Frameworks/Social.framework; sourceTree = SDKROOT; };
		63A8419E20C8538A0093183F /* MessageUI.framework */ = {isa = PBXFileReference; lastKnownFileType = wrapper.framework; name = MessageUI.framework; path = System/Library/Frameworks/MessageUI.framework; sourceTree = SDKROOT; };
		645A06359A464CB0B63845A2 /* MaterialCommunityIcons.ttf */ = {isa = PBXFileReference; explicitFileType = undefined; fileEncoding = 9; includeInIndex = 0; lastKnownFileType = unknown; name = MaterialCommunityIcons.ttf; path = "../node_modules/react-native-vector-icons/Fonts/MaterialCommunityIcons.ttf"; sourceTree = "<group>"; };
		6603DB7CD9F34D7AB1AD5B21 /* SimpleLineIcons.ttf */ = {isa = PBXFileReference; explicitFileType = undefined; fileEncoding = 9; includeInIndex = 0; lastKnownFileType = unknown; name = SimpleLineIcons.ttf; path = "../node_modules/react-native-vector-icons/Fonts/SimpleLineIcons.ttf"; sourceTree = "<group>"; };
		686E004A20B2E1360013512F /* RNKiwiConstants.h */ = {isa = PBXFileReference; lastKnownFileType = sourcecode.c.h; path = RNKiwiConstants.h; sourceTree = "<group>"; };
		686E005020B2E24B0013512F /* RNKiwiConstants.m */ = {isa = PBXFileReference; lastKnownFileType = sourcecode.c.objc; path = RNKiwiConstants.m; sourceTree = "<group>"; };
		68A42BBB8E1C6CD26053AC72 /* Pods-RNPlayground.release.xcconfig */ = {isa = PBXFileReference; includeInIndex = 1; lastKnownFileType = text.xcconfig; name = "Pods-RNPlayground.release.xcconfig"; path = "Pods/Target Support Files/Pods-RNPlayground/Pods-RNPlayground.release.xcconfig"; sourceTree = "<group>"; };
		71A4A2C5C6994635AF8475F2 /* CircularPro-Bold.otf */ = {isa = PBXFileReference; explicitFileType = undefined; fileEncoding = 9; includeInIndex = 0; lastKnownFileType = unknown; name = "CircularPro-Bold.otf"; path = "../assets/fonts/ios/CircularPro-Bold.otf"; sourceTree = "<group>"; };
		7362EE36714587FAF8D16632 /* Pods-RNKiwiMobile.debug.xcconfig */ = {isa = PBXFileReference; includeInIndex = 1; lastKnownFileType = text.xcconfig; name = "Pods-RNKiwiMobile.debug.xcconfig"; path = "Pods/Target Support Files/Pods-RNKiwiMobile/Pods-RNKiwiMobile.debug.xcconfig"; sourceTree = "<group>"; };
		83DEB0A076A11B421C735EE9 /* Pods-RNPlayground.debug.xcconfig */ = {isa = PBXFileReference; includeInIndex = 1; lastKnownFileType = text.xcconfig; name = "Pods-RNPlayground.debug.xcconfig"; path = "Pods/Target Support Files/Pods-RNPlayground/Pods-RNPlayground.debug.xcconfig"; sourceTree = "<group>"; };
		929CCF0BD6A142DEAB8DA917 /* Octicons.ttf */ = {isa = PBXFileReference; explicitFileType = undefined; fileEncoding = 9; includeInIndex = 0; lastKnownFileType = unknown; name = Octicons.ttf; path = "../node_modules/react-native-vector-icons/Fonts/Octicons.ttf"; sourceTree = "<group>"; };
		930DC3E79F864AEFBC5F91D7 /* Feather.ttf */ = {isa = PBXFileReference; explicitFileType = undefined; fileEncoding = 9; includeInIndex = 0; lastKnownFileType = unknown; name = Feather.ttf; path = "../node_modules/react-native-vector-icons/Fonts/Feather.ttf"; sourceTree = "<group>"; };
		A42E4EC96B6B81F2DFC8C869 /* libPods-RNPlayground.a */ = {isa = PBXFileReference; explicitFileType = archive.ar; includeInIndex = 0; path = "libPods-RNPlayground.a"; sourceTree = BUILT_PRODUCTS_DIR; };
		A6319717E9F64AE8AFA770C0 /* CircularPro-Book.otf */ = {isa = PBXFileReference; explicitFileType = undefined; fileEncoding = 9; includeInIndex = 0; lastKnownFileType = unknown; name = "CircularPro-Book.otf"; path = "../assets/fonts/ios/CircularPro-Book.otf"; sourceTree = "<group>"; };
		ABF7005A276C4AAF97361BF7 /* orbit-icons.ttf */ = {isa = PBXFileReference; explicitFileType = undefined; fileEncoding = 9; includeInIndex = 0; lastKnownFileType = unknown; name = "orbit-icons.ttf"; path = "../assets/fonts/orbit-icons.ttf"; sourceTree = "<group>"; };
		B11306CBC6D24D3C990EAC4B /* Ionicons.ttf */ = {isa = PBXFileReference; explicitFileType = undefined; fileEncoding = 9; includeInIndex = 0; lastKnownFileType = unknown; name = Ionicons.ttf; path = "../node_modules/react-native-vector-icons/Fonts/Ionicons.ttf"; sourceTree = "<group>"; };
		B4E7213E71A344C5AE638015 /* Pods-RNKiwiMobile.release.xcconfig */ = {isa = PBXFileReference; includeInIndex = 1; lastKnownFileType = text.xcconfig; name = "Pods-RNKiwiMobile.release.xcconfig"; path = "Pods/Target Support Files/Pods-RNKiwiMobile/Pods-RNKiwiMobile.release.xcconfig"; sourceTree = "<group>"; };
		B6490E2D178E410C908FF998 /* Roboto-Regular.ttf */ = {isa = PBXFileReference; explicitFileType = undefined; fileEncoding = 9; includeInIndex = 0; lastKnownFileType = unknown; name = "Roboto-Regular.ttf"; path = "../assets/fonts/android/Roboto-Regular.ttf"; sourceTree = "<group>"; };
		C969F98F8A854CCB89957EFD /* Roboto-Medium.ttf */ = {isa = PBXFileReference; explicitFileType = undefined; fileEncoding = 9; includeInIndex = 0; lastKnownFileType = unknown; name = "Roboto-Medium.ttf"; path = "../assets/fonts/Roboto-Medium.ttf"; sourceTree = "<group>"; };
		CB92C0158EB3448ABD260167 /* Entypo.ttf */ = {isa = PBXFileReference; explicitFileType = undefined; fileEncoding = 9; includeInIndex = 0; lastKnownFileType = unknown; name = Entypo.ttf; path = "../node_modules/react-native-vector-icons/Fonts/Entypo.ttf"; sourceTree = "<group>"; };
		D1641E3E0F4C42F0A3CB58F1 /* CircularPro-Bold.otf */ = {isa = PBXFileReference; explicitFileType = undefined; fileEncoding = 9; includeInIndex = 0; lastKnownFileType = unknown; name = "CircularPro-Bold.otf"; path = "../assets/fonts/CircularPro-Bold.otf"; sourceTree = "<group>"; };
		D9EB95B82ECBF86CAF3AF472 /* Pods-reactNativeApp.debug.xcconfig */ = {isa = PBXFileReference; includeInIndex = 1; lastKnownFileType = text.xcconfig; name = "Pods-reactNativeApp.debug.xcconfig"; path = "Pods/Target Support Files/Pods-reactNativeApp/Pods-reactNativeApp.debug.xcconfig"; sourceTree = "<group>"; };
		DF5410E6DB94477AB0C446B4 /* CircularPro-Book.otf */ = {isa = PBXFileReference; explicitFileType = undefined; fileEncoding = 9; includeInIndex = 0; lastKnownFileType = unknown; name = "CircularPro-Book.otf"; path = "../assets/fonts/CircularPro-Book.otf"; sourceTree = "<group>"; };
		E2B3E92C36254A399220D4DE /* EvilIcons.ttf */ = {isa = PBXFileReference; explicitFileType = undefined; fileEncoding = 9; includeInIndex = 0; lastKnownFileType = unknown; name = EvilIcons.ttf; path = "../node_modules/react-native-vector-icons/Fonts/EvilIcons.ttf"; sourceTree = "<group>"; };
		E5D77FC9111C4341A99B753A /* Roboto-Bold.ttf */ = {isa = PBXFileReference; explicitFileType = undefined; fileEncoding = 9; includeInIndex = 0; lastKnownFileType = unknown; name = "Roboto-Bold.ttf"; path = "../assets/fonts/Roboto-Bold.ttf"; sourceTree = "<group>"; };
		F1CBA12F9C74CC3D03C0D84C /* Pods-reactNativeApp.release.xcconfig */ = {isa = PBXFileReference; includeInIndex = 1; lastKnownFileType = text.xcconfig; name = "Pods-reactNativeApp.release.xcconfig"; path = "Pods/Target Support Files/Pods-reactNativeApp/Pods-reactNativeApp.release.xcconfig"; sourceTree = "<group>"; };
		F477A1D455304A4EA37DF899 /* MaterialIcons.ttf */ = {isa = PBXFileReference; explicitFileType = undefined; fileEncoding = 9; includeInIndex = 0; lastKnownFileType = unknown; name = MaterialIcons.ttf; path = "../node_modules/react-native-vector-icons/Fonts/MaterialIcons.ttf"; sourceTree = "<group>"; };
/* End PBXFileReference section */

/* Begin PBXFrameworksBuildPhase section */
		13B07F8C1A680F5B00A75B9A /* Frameworks */ = {
			isa = PBXFrameworksBuildPhase;
			buildActionMask = 2147483647;
			files = (
				63A8419F20C8538A0093183F /* MessageUI.framework in Frameworks */,
				63A8419D20C853840093183F /* Social.framework in Frameworks */,
				60854A62F6F281394EE676B5 /* libPods-reactNativeApp.a in Frameworks */,
			);
			runOnlyForDeploymentPostprocessing = 0;
		};
		27E931AC20AD96780053AE19 /* Frameworks */ = {
			isa = PBXFrameworksBuildPhase;
			buildActionMask = 2147483647;
			files = (
				27E931CD20AD9EF60053AE19 /* libPods-RNKiwiMobile.a in Frameworks */,
			);
			runOnlyForDeploymentPostprocessing = 0;
		};
		27E931CF20ADA0600053AE19 /* Frameworks */ = {
			isa = PBXFrameworksBuildPhase;
			buildActionMask = 2147483647;
			files = (
			);
			runOnlyForDeploymentPostprocessing = 0;
		};
/* End PBXFrameworksBuildPhase section */

/* Begin PBXGroup section */
		13B07FAE1A68108700A75B9A /* RNPlayground */ = {
			isa = PBXGroup;
			children = (
				13B07FAF1A68108700A75B9A /* AppDelegate.h */,
				13B07FB01A68108700A75B9A /* AppDelegate.m */,
				13B07FB51A68108700A75B9A /* Images.xcassets */,
				13B07FB61A68108700A75B9A /* Info.plist */,
				13B07FB11A68108700A75B9A /* LaunchScreen.xib */,
				13B07FB71A68108700A75B9A /* main.m */,
			);
			name = RNPlayground;
			sourceTree = "<group>";
		};
		155C4CAF71E77EFACB99D2A0 /* Pods */ = {
			isa = PBXGroup;
			children = (
				D9EB95B82ECBF86CAF3AF472 /* Pods-reactNativeApp.debug.xcconfig */,
				F1CBA12F9C74CC3D03C0D84C /* Pods-reactNativeApp.release.xcconfig */,
				7362EE36714587FAF8D16632 /* Pods-RNKiwiMobile.debug.xcconfig */,
				B4E7213E71A344C5AE638015 /* Pods-RNKiwiMobile.release.xcconfig */,
				83DEB0A076A11B421C735EE9 /* Pods-RNPlayground.debug.xcconfig */,
				68A42BBB8E1C6CD26053AC72 /* Pods-RNPlayground.release.xcconfig */,
				00DA89B53EF7CDBADBC96DBF /* Pods-RNKiwiMobile.staging.xcconfig */,
				061B5B242124401AB0BFCE38 /* Pods-reactNativeApp.staging.xcconfig */,
			);
			name = Pods;
			sourceTree = "<group>";
		};
		27E931B120AD96790053AE19 /* RNKiwiMobile */ = {
			isa = PBXGroup;
			children = (
				27E931B220AD96790053AE19 /* RNKiwiMobile.h */,
				686E004A20B2E1360013512F /* RNKiwiConstants.h */,
				686E005020B2E24B0013512F /* RNKiwiConstants.m */,
				2107154520B5677200E6C96B /* RNKiwiGestureController.h */,
				2107154420B5677200E6C96B /* RNKiwiGestureController.m */,
				2711986D20B2A0C100C6292B /* RNKiwiSharedBridge.h */,
				2711986E20B2A0C100C6292B /* RNKiwiSharedBridge.m */,
				27E931BE20AD987C0053AE19 /* RNKiwiViewController.h */,
				27E931BF20AD987C0053AE19 /* RNKiwiViewController.m */,
				27E931C220AD9A280053AE19 /* RNKiwiViewControllerFlowDelegate.h */,
				27E931C420AD9A480053AE19 /* RNKiwiCurrencyManager.h */,
				27E931C620AD9A620053AE19 /* RNKiwiTranslationProvider.h */,
				27E931B320AD96790053AE19 /* Info.plist */,
				21CB5C092188C47900A22229 /* example_keys.xcconfig */,
				21CB5C0A2188C49700A22229 /* keys.xcconfig */,
			);
			path = RNKiwiMobile;
			sourceTree = "<group>";
		};
		27E931D320ADA0600053AE19 /* RNNativePlayground */ = {
			isa = PBXGroup;
			children = (
				27E931D420ADA0600053AE19 /* AppDelegate.h */,
				27E931D520ADA0600053AE19 /* AppDelegate.m */,
				27E931D720ADA0600053AE19 /* ViewController.h */,
				27E931D820ADA0600053AE19 /* ViewController.m */,
				27E931DA20ADA0600053AE19 /* Main.storyboard */,
				27E931DF20ADA0630053AE19 /* LaunchScreen.storyboard */,
				27E931E220ADA0630053AE19 /* Info.plist */,
				27E931E320ADA0630053AE19 /* main.m */,
				21B8D73121834B830079431F /* City.m */,
				21B8D73321834BA10079431F /* City.h */,
			);
			path = RNNativePlayground;
			sourceTree = "<group>";
		};
		83CBB9F61A601CBA00E9B192 = {
			isa = PBXGroup;
			children = (
				13B07FAE1A68108700A75B9A /* RNPlayground */,
				27E931B120AD96790053AE19 /* RNKiwiMobile */,
				27E931D320ADA0600053AE19 /* RNNativePlayground */,
				83CBBA001A601CBA00E9B192 /* Products */,
				A142755D6A354DA78D29BEB8 /* Resources */,
				155C4CAF71E77EFACB99D2A0 /* Pods */,
				A2CAAD3C4D5834AF8638A878 /* Frameworks */,
			);
			indentWidth = 2;
			sourceTree = "<group>";
			tabWidth = 2;
			usesTabs = 0;
		};
		83CBBA001A601CBA00E9B192 /* Products */ = {
			isa = PBXGroup;
			children = (
				13B07F961A680F5B00A75B9A /* reactNativeApp.app */,
				27E931B020AD96780053AE19 /* RNKiwiMobile.framework */,
				27E931D220ADA0600053AE19 /* RNNativePlayground.app */,
			);
			name = Products;
			sourceTree = "<group>";
		};
		A142755D6A354DA78D29BEB8 /* Resources */ = {
			isa = PBXGroup;
			children = (
				21C03BEA6DA8479DBFFA62F0 /* Roboto-Regular.ttf */,
				CB92C0158EB3448ABD260167 /* Entypo.ttf */,
				E2B3E92C36254A399220D4DE /* EvilIcons.ttf */,
				930DC3E79F864AEFBC5F91D7 /* Feather.ttf */,
				5377C27743964C6D8EF1FA05 /* FontAwesome.ttf */,
				38EC9C92B1414019B0EAF6AF /* Foundation.ttf */,
				B11306CBC6D24D3C990EAC4B /* Ionicons.ttf */,
				645A06359A464CB0B63845A2 /* MaterialCommunityIcons.ttf */,
				F477A1D455304A4EA37DF899 /* MaterialIcons.ttf */,
				929CCF0BD6A142DEAB8DA917 /* Octicons.ttf */,
				6603DB7CD9F34D7AB1AD5B21 /* SimpleLineIcons.ttf */,
				46C66C53E2B841209A9370D0 /* Zocial.ttf */,
				DF5410E6DB94477AB0C446B4 /* CircularPro-Book.otf */,
				D1641E3E0F4C42F0A3CB58F1 /* CircularPro-Bold.otf */,
				2C62C7C2DC5B49F98F047AD3 /* CircularPro-Medium.otf */,
				E5D77FC9111C4341A99B753A /* Roboto-Bold.ttf */,
				C969F98F8A854CCB89957EFD /* Roboto-Medium.ttf */,
				ABF7005A276C4AAF97361BF7 /* orbit-icons.ttf */,
				5EF541A9996B4D6AB8AEDA5B /* Roboto-Bold.ttf */,
				2D1E4633998A4228B3B7F222 /* Roboto-Medium.ttf */,
				B6490E2D178E410C908FF998 /* Roboto-Regular.ttf */,
				71A4A2C5C6994635AF8475F2 /* CircularPro-Bold.otf */,
				A6319717E9F64AE8AFA770C0 /* CircularPro-Book.otf */,
				50EB547AC35C4D25B73F0376 /* CircularPro-Medium.otf */,
			);
			name = Resources;
			sourceTree = "<group>";
		};
		A2CAAD3C4D5834AF8638A878 /* Frameworks */ = {
			isa = PBXGroup;
			children = (
				219FCC5921753450008F5428 /* libz.tbd */,
				219FCC5721753448008F5428 /* libCodePush.a */,
				63A8419E20C8538A0093183F /* MessageUI.framework */,
				63A8419C20C853840093183F /* Social.framework */,
				27E931CC20AD9EF60053AE19 /* libPods-RNKiwiMobile.a */,
				27E931CA20AD9EE70053AE19 /* libPods-RNPlayground.a */,
				0520FD3BC77D396F74CF8285 /* libPods-reactNativeApp.a */,
				04E0C4EE593813CA3FA1D99C /* libPods-RNKiwiMobile.a */,
				A42E4EC96B6B81F2DFC8C869 /* libPods-RNPlayground.a */,
				34003FC5EE453F3F2C072F56 /* libPods-RNNativePlayground.a */,
			);
			name = Frameworks;
			sourceTree = "<group>";
		};
/* End PBXGroup section */

/* Begin PBXHeadersBuildPhase section */
		27E931AD20AD96780053AE19 /* Headers */ = {
			isa = PBXHeadersBuildPhase;
			buildActionMask = 2147483647;
			files = (
				27E931C020AD987C0053AE19 /* RNKiwiViewController.h in Headers */,
				27E931C720AD9A620053AE19 /* RNKiwiTranslationProvider.h in Headers */,
				2107154720B5677200E6C96B /* RNKiwiGestureController.h in Headers */,
				27E931C320AD9A2A0053AE19 /* RNKiwiViewControllerFlowDelegate.h in Headers */,
				27E931C520AD9A4B0053AE19 /* RNKiwiCurrencyManager.h in Headers */,
				2711986F20B2A0C100C6292B /* RNKiwiSharedBridge.h in Headers */,
				686E004B20B2E1360013512F /* RNKiwiConstants.h in Headers */,
				27E931B420AD96790053AE19 /* RNKiwiMobile.h in Headers */,
			);
			runOnlyForDeploymentPostprocessing = 0;
		};
/* End PBXHeadersBuildPhase section */

/* Begin PBXNativeTarget section */
		13B07F861A680F5B00A75B9A /* reactNativeApp */ = {
			isa = PBXNativeTarget;
			buildConfigurationList = 13B07F931A680F5B00A75B9A /* Build configuration list for PBXNativeTarget "reactNativeApp" */;
			buildPhases = (
				865152EE6DB837951CC87114 /* [CP] Check Pods Manifest.lock */,
				13B07F871A680F5B00A75B9A /* Sources */,
				13B07F8C1A680F5B00A75B9A /* Frameworks */,
				13B07F8E1A680F5B00A75B9A /* Resources */,
				00DD1BFF1BD5951E006B06BC /* Bundle React Native code and images */,
				2CFA6F60202765C4009899FA /* Embed Frameworks */,
				6F6635CB67CA39F804FA5347 /* [CP] Copy Pods Resources */,
			);
			buildRules = (
			);
			dependencies = (
			);
			name = reactNativeApp;
			productName = "Hello World";
			productReference = 13B07F961A680F5B00A75B9A /* reactNativeApp.app */;
			productType = "com.apple.product-type.application";
		};
		27E931AF20AD96780053AE19 /* RNKiwiMobile */ = {
			isa = PBXNativeTarget;
			buildConfigurationList = 27E931B720AD96790053AE19 /* Build configuration list for PBXNativeTarget "RNKiwiMobile" */;
			buildPhases = (
				878780C58B11844AFF8973AA /* [CP] Check Pods Manifest.lock */,
				27E931AB20AD96780053AE19 /* Sources */,
				27E931AC20AD96780053AE19 /* Frameworks */,
				27E931AD20AD96780053AE19 /* Headers */,
				2711985D20B1EA8100C6292B /* Bundle React Native dependencies */,
				F8960549D42B99529D418B2F /* [CP] Copy Pods Resources */,
				686E005220B305D30013512F /* Remove extraneous assets */,
			);
			buildRules = (
			);
			dependencies = (
			);
			name = RNKiwiMobile;
			productName = RNKiwiMobile;
			productReference = 27E931B020AD96780053AE19 /* RNKiwiMobile.framework */;
			productType = "com.apple.product-type.framework";
		};
		27E931D120ADA0600053AE19 /* RNNativePlayground */ = {
			isa = PBXNativeTarget;
			buildConfigurationList = 27E931E720ADA0630053AE19 /* Build configuration list for PBXNativeTarget "RNNativePlayground" */;
			buildPhases = (
				27E931CE20ADA0600053AE19 /* Sources */,
				27E931CF20ADA0600053AE19 /* Frameworks */,
				27E931D020ADA0600053AE19 /* Resources */,
				215881F820C7FF140016707A /* Embed Frameworks */,
			);
			buildRules = (
			);
			dependencies = (
				215881F720C7FF140016707A /* PBXTargetDependency */,
			);
			name = RNNativePlayground;
			productName = RNNativePlayground;
			productReference = 27E931D220ADA0600053AE19 /* RNNativePlayground.app */;
			productType = "com.apple.product-type.application";
		};
/* End PBXNativeTarget section */

/* Begin PBXProject section */
		83CBB9F71A601CBA00E9B192 /* Project object */ = {
			isa = PBXProject;
			attributes = {
				LastUpgradeCheck = 610;
				ORGANIZATIONNAME = Facebook;
				TargetAttributes = {
					13B07F861A680F5B00A75B9A = {
						DevelopmentTeam = G44VYF3687;
						LastSwiftMigration = 920;
						ProvisioningStyle = Automatic;
						SystemCapabilities = {
							com.apple.BackgroundModes = {
								enabled = 0;
							};
						};
					};
					27E931AF20AD96780053AE19 = {
						CreatedOnToolsVersion = 9.3;
						DevelopmentTeam = G44VYF3687;
						ProvisioningStyle = Automatic;
					};
					27E931D120ADA0600053AE19 = {
						CreatedOnToolsVersion = 9.3;
						DevelopmentTeam = G44VYF3687;
						ProvisioningStyle = Automatic;
					};
				};
			};
			buildConfigurationList = 83CBB9FA1A601CBA00E9B192 /* Build configuration list for PBXProject "reactNativeApp" */;
			compatibilityVersion = "Xcode 3.2";
			developmentRegion = English;
			hasScannedForEncodings = 0;
			knownRegions = (
				en,
				Base,
			);
			mainGroup = 83CBB9F61A601CBA00E9B192;
			productRefGroup = 83CBBA001A601CBA00E9B192 /* Products */;
			projectDirPath = "";
			projectRoot = "";
			targets = (
				13B07F861A680F5B00A75B9A /* reactNativeApp */,
				27E931AF20AD96780053AE19 /* RNKiwiMobile */,
				27E931D120ADA0600053AE19 /* RNNativePlayground */,
			);
		};
/* End PBXProject section */

/* Begin PBXResourcesBuildPhase section */
		13B07F8E1A680F5B00A75B9A /* Resources */ = {
			isa = PBXResourcesBuildPhase;
			buildActionMask = 2147483647;
			files = (
				13B07FBF1A68108700A75B9A /* Images.xcassets in Resources */,
				13B07FBD1A68108700A75B9A /* LaunchScreen.xib in Resources */,
				A96754F560094312A0F7CAB7 /* Entypo.ttf in Resources */,
				0897E83159B140B5AD8D8D92 /* EvilIcons.ttf in Resources */,
				03D20B5071D8480381221201 /* Feather.ttf in Resources */,
				0DFDC54B85CC45A3B31CACFB /* FontAwesome.ttf in Resources */,
				A33D4A1D5C6845B3B939C9F8 /* Foundation.ttf in Resources */,
				012E4C1BA8444C8182992EEB /* Ionicons.ttf in Resources */,
				B025D45E10CE4ED9A975D6DF /* MaterialCommunityIcons.ttf in Resources */,
				3B029E80AD3948E19D4E6814 /* MaterialIcons.ttf in Resources */,
				7EEEE5BA4A6944DCBDECD4C3 /* Octicons.ttf in Resources */,
				038BD3170181472CA3083F7C /* SimpleLineIcons.ttf in Resources */,
				24FF33FA378944ACA7C85EA8 /* Zocial.ttf in Resources */,
				ACD6B846BABD460FB7D68067 /* orbit-icons.ttf in Resources */,
				F42D2DA1998548F1808065BE /* Roboto-Bold.ttf in Resources */,
				898C440300784E69B91D0ED6 /* Roboto-Medium.ttf in Resources */,
				FA705002A8FD4F5BBDB4B4F4 /* Roboto-Regular.ttf in Resources */,
				6AC23FDF8E5142199F66BC24 /* CircularPro-Bold.otf in Resources */,
				DD9F4DDDD70840CBBECA0434 /* CircularPro-Book.otf in Resources */,
				51A8F6BE673D4671A3545CD8 /* CircularPro-Medium.otf in Resources */,
			);
			runOnlyForDeploymentPostprocessing = 0;
		};
		27E931D020ADA0600053AE19 /* Resources */ = {
			isa = PBXResourcesBuildPhase;
			buildActionMask = 2147483647;
			files = (
				21EFD4CD21768D8C00B5F21B /* Images.xcassets in Resources */,
				68E80E25215E66CD00EB4717 /* CircularPro-Book.otf in Resources */,
				2711986220B1F7E300C6292B /* Entypo.ttf in Resources */,
				2711986320B1F7E300C6292B /* EvilIcons.ttf in Resources */,
				2711986420B1F7E300C6292B /* Feather.ttf in Resources */,
				2711986520B1F7E300C6292B /* FontAwesome.ttf in Resources */,
				2711986620B1F7E300C6292B /* Foundation.ttf in Resources */,
				2711986720B1F7E300C6292B /* Ionicons.ttf in Resources */,
				2711986820B1F7E300C6292B /* MaterialCommunityIcons.ttf in Resources */,
				2711986920B1F7E300C6292B /* MaterialIcons.ttf in Resources */,
				2711986A20B1F7E300C6292B /* Octicons.ttf in Resources */,
				2711986B20B1F7E300C6292B /* SimpleLineIcons.ttf in Resources */,
				2711986C20B1F7E300C6292B /* Zocial.ttf in Resources */,
				6899E0882152982800BE12CE /* orbit-icons.ttf in Resources */,
				27E931E120ADA0630053AE19 /* LaunchScreen.storyboard in Resources */,
				27E931DC20ADA0600053AE19 /* Main.storyboard in Resources */,
			);
			runOnlyForDeploymentPostprocessing = 0;
		};
/* End PBXResourcesBuildPhase section */

/* Begin PBXShellScriptBuildPhase section */
		00DD1BFF1BD5951E006B06BC /* Bundle React Native code and images */ = {
			isa = PBXShellScriptBuildPhase;
			buildActionMask = 2147483647;
			files = (
			);
			inputPaths = (
			);
			name = "Bundle React Native code and images";
			outputPaths = (
			);
			runOnlyForDeploymentPostprocessing = 0;
			shellPath = /bin/sh;
			shellScript = "export NODE_BINARY=node\n../node_modules/react-native/scripts/react-native-xcode.sh";
		};
		2711985D20B1EA8100C6292B /* Bundle React Native dependencies */ = {
			isa = PBXShellScriptBuildPhase;
			buildActionMask = 2147483647;
			files = (
			);
			inputPaths = (
				"$(SRCROOT)/../app/native.js",
			);
			name = "Bundle React Native dependencies";
			outputPaths = (
				"${TARGET_BUILD_DIR}/${UNLOCALIZED_RESOURCES_FOLDER_PATH}/main.jsbundle",
			);
			runOnlyForDeploymentPostprocessing = 0;
			shellPath = /bin/sh;
			shellScript = $SRCROOT/../scripts/bundleIOSJavascript.sh;
		};
		686E005220B305D30013512F /* Remove extraneous assets */ = {
			isa = PBXShellScriptBuildPhase;
			buildActionMask = 2147483647;
			files = (
			);
			inputPaths = (
				"${TARGET_BUILD_DIR}/${UNLOCALIZED_RESOURCES_FOLDER_PATH}/Entypo.ttf",
				"${TARGET_BUILD_DIR}/${UNLOCALIZED_RESOURCES_FOLDER_PATH}/EvilIcons.ttf",
				"${TARGET_BUILD_DIR}/${UNLOCALIZED_RESOURCES_FOLDER_PATH}/Feather.ttf",
				"${TARGET_BUILD_DIR}/${UNLOCALIZED_RESOURCES_FOLDER_PATH}/FontAwesome.ttf",
				"${TARGET_BUILD_DIR}/${UNLOCALIZED_RESOURCES_FOLDER_PATH}/Foundation.ttf",
				"${TARGET_BUILD_DIR}/${UNLOCALIZED_RESOURCES_FOLDER_PATH}/Ionicons.ttf",
				"${TARGET_BUILD_DIR}/${UNLOCALIZED_RESOURCES_FOLDER_PATH}/MaterialCommunityIcons.ttf",
				"${TARGET_BUILD_DIR}/${UNLOCALIZED_RESOURCES_FOLDER_PATH}/Octicons.ttf",
				"${TARGET_BUILD_DIR}/${UNLOCALIZED_RESOURCES_FOLDER_PATH}/SimpleLineIcons.ttf",
				"${TARGET_BUILD_DIR}/${UNLOCALIZED_RESOURCES_FOLDER_PATH}/Zocial.ttf",
				"${TARGET_BUILD_DIR}/${UNLOCALIZED_RESOURCES_FOLDER_PATH}/FontAwesome5_Brands.ttf",
				"${TARGET_BUILD_DIR}/${UNLOCALIZED_RESOURCES_FOLDER_PATH}/FontAwesome5_Regular.ttf",
				"${TARGET_BUILD_DIR}/${UNLOCALIZED_RESOURCES_FOLDER_PATH}/FontAwesome5_Solid.ttf",
			);
			name = "Remove extraneous assets";
			outputPaths = (
			);
			runOnlyForDeploymentPostprocessing = 0;
			shellPath = /bin/sh;
			shellScript = $SRCROOT/../scripts/removeExtraneousAssets.sh;
		};
		6F6635CB67CA39F804FA5347 /* [CP] Copy Pods Resources */ = {
			isa = PBXShellScriptBuildPhase;
			buildActionMask = 2147483647;
			files = (
			);
			inputPaths = (
				"${SRCROOT}/Pods/Target Support Files/Pods-reactNativeApp/Pods-reactNativeApp-resources.sh",
				"${PODS_ROOT}/../../node_modules/react-native-vector-icons/Fonts/Entypo.ttf",
				"${PODS_ROOT}/../../node_modules/react-native-vector-icons/Fonts/EvilIcons.ttf",
				"${PODS_ROOT}/../../node_modules/react-native-vector-icons/Fonts/Feather.ttf",
				"${PODS_ROOT}/../../node_modules/react-native-vector-icons/Fonts/FontAwesome.ttf",
				"${PODS_ROOT}/../../node_modules/react-native-vector-icons/Fonts/FontAwesome5_Brands.ttf",
				"${PODS_ROOT}/../../node_modules/react-native-vector-icons/Fonts/FontAwesome5_Regular.ttf",
				"${PODS_ROOT}/../../node_modules/react-native-vector-icons/Fonts/FontAwesome5_Solid.ttf",
				"${PODS_ROOT}/../../node_modules/react-native-vector-icons/Fonts/Foundation.ttf",
				"${PODS_ROOT}/../../node_modules/react-native-vector-icons/Fonts/Ionicons.ttf",
				"${PODS_ROOT}/../../node_modules/react-native-vector-icons/Fonts/MaterialCommunityIcons.ttf",
				"${PODS_ROOT}/../../node_modules/react-native-vector-icons/Fonts/MaterialIcons.ttf",
				"${PODS_ROOT}/../../node_modules/react-native-vector-icons/Fonts/Octicons.ttf",
				"${PODS_ROOT}/../../node_modules/react-native-vector-icons/Fonts/SimpleLineIcons.ttf",
				"${PODS_ROOT}/../../node_modules/react-native-vector-icons/Fonts/Zocial.ttf",
			);
			name = "[CP] Copy Pods Resources";
			outputPaths = (
				"${TARGET_BUILD_DIR}/${UNLOCALIZED_RESOURCES_FOLDER_PATH}/Entypo.ttf",
				"${TARGET_BUILD_DIR}/${UNLOCALIZED_RESOURCES_FOLDER_PATH}/EvilIcons.ttf",
				"${TARGET_BUILD_DIR}/${UNLOCALIZED_RESOURCES_FOLDER_PATH}/Feather.ttf",
				"${TARGET_BUILD_DIR}/${UNLOCALIZED_RESOURCES_FOLDER_PATH}/FontAwesome.ttf",
				"${TARGET_BUILD_DIR}/${UNLOCALIZED_RESOURCES_FOLDER_PATH}/FontAwesome5_Brands.ttf",
				"${TARGET_BUILD_DIR}/${UNLOCALIZED_RESOURCES_FOLDER_PATH}/FontAwesome5_Regular.ttf",
				"${TARGET_BUILD_DIR}/${UNLOCALIZED_RESOURCES_FOLDER_PATH}/FontAwesome5_Solid.ttf",
				"${TARGET_BUILD_DIR}/${UNLOCALIZED_RESOURCES_FOLDER_PATH}/Foundation.ttf",
				"${TARGET_BUILD_DIR}/${UNLOCALIZED_RESOURCES_FOLDER_PATH}/Ionicons.ttf",
				"${TARGET_BUILD_DIR}/${UNLOCALIZED_RESOURCES_FOLDER_PATH}/MaterialCommunityIcons.ttf",
				"${TARGET_BUILD_DIR}/${UNLOCALIZED_RESOURCES_FOLDER_PATH}/MaterialIcons.ttf",
				"${TARGET_BUILD_DIR}/${UNLOCALIZED_RESOURCES_FOLDER_PATH}/Octicons.ttf",
				"${TARGET_BUILD_DIR}/${UNLOCALIZED_RESOURCES_FOLDER_PATH}/SimpleLineIcons.ttf",
				"${TARGET_BUILD_DIR}/${UNLOCALIZED_RESOURCES_FOLDER_PATH}/Zocial.ttf",
			);
			runOnlyForDeploymentPostprocessing = 0;
			shellPath = /bin/sh;
			shellScript = "\"${SRCROOT}/Pods/Target Support Files/Pods-reactNativeApp/Pods-reactNativeApp-resources.sh\"\n";
			showEnvVarsInLog = 0;
		};
		865152EE6DB837951CC87114 /* [CP] Check Pods Manifest.lock */ = {
			isa = PBXShellScriptBuildPhase;
			buildActionMask = 2147483647;
			files = (
			);
			inputPaths = (
				"${PODS_PODFILE_DIR_PATH}/Podfile.lock",
				"${PODS_ROOT}/Manifest.lock",
			);
			name = "[CP] Check Pods Manifest.lock";
			outputPaths = (
				"$(DERIVED_FILE_DIR)/Pods-reactNativeApp-checkManifestLockResult.txt",
			);
			runOnlyForDeploymentPostprocessing = 0;
			shellPath = /bin/sh;
			shellScript = "diff \"${PODS_PODFILE_DIR_PATH}/Podfile.lock\" \"${PODS_ROOT}/Manifest.lock\" > /dev/null\nif [ $? != 0 ] ; then\n    # print error to STDERR\n    echo \"error: The sandbox is not in sync with the Podfile.lock. Run 'pod install' or update your CocoaPods installation.\" >&2\n    exit 1\nfi\n# This output is used by Xcode 'outputs' to avoid re-running this script phase.\necho \"SUCCESS\" > \"${SCRIPT_OUTPUT_FILE_0}\"\n";
			showEnvVarsInLog = 0;
		};
		878780C58B11844AFF8973AA /* [CP] Check Pods Manifest.lock */ = {
			isa = PBXShellScriptBuildPhase;
			buildActionMask = 2147483647;
			files = (
			);
			inputPaths = (
				"${PODS_PODFILE_DIR_PATH}/Podfile.lock",
				"${PODS_ROOT}/Manifest.lock",
			);
			name = "[CP] Check Pods Manifest.lock";
			outputPaths = (
				"$(DERIVED_FILE_DIR)/Pods-RNKiwiMobile-checkManifestLockResult.txt",
			);
			runOnlyForDeploymentPostprocessing = 0;
			shellPath = /bin/sh;
			shellScript = "diff \"${PODS_PODFILE_DIR_PATH}/Podfile.lock\" \"${PODS_ROOT}/Manifest.lock\" > /dev/null\nif [ $? != 0 ] ; then\n    # print error to STDERR\n    echo \"error: The sandbox is not in sync with the Podfile.lock. Run 'pod install' or update your CocoaPods installation.\" >&2\n    exit 1\nfi\n# This output is used by Xcode 'outputs' to avoid re-running this script phase.\necho \"SUCCESS\" > \"${SCRIPT_OUTPUT_FILE_0}\"\n";
			showEnvVarsInLog = 0;
		};
		F8960549D42B99529D418B2F /* [CP] Copy Pods Resources */ = {
			isa = PBXShellScriptBuildPhase;
			buildActionMask = 2147483647;
			files = (
			);
			inputPaths = (
				"${SRCROOT}/Pods/Target Support Files/Pods-RNKiwiMobile/Pods-RNKiwiMobile-resources.sh",
				"${PODS_ROOT}/../../node_modules/react-native-vector-icons/Fonts/Entypo.ttf",
				"${PODS_ROOT}/../../node_modules/react-native-vector-icons/Fonts/EvilIcons.ttf",
				"${PODS_ROOT}/../../node_modules/react-native-vector-icons/Fonts/Feather.ttf",
				"${PODS_ROOT}/../../node_modules/react-native-vector-icons/Fonts/FontAwesome.ttf",
				"${PODS_ROOT}/../../node_modules/react-native-vector-icons/Fonts/FontAwesome5_Brands.ttf",
				"${PODS_ROOT}/../../node_modules/react-native-vector-icons/Fonts/FontAwesome5_Regular.ttf",
				"${PODS_ROOT}/../../node_modules/react-native-vector-icons/Fonts/FontAwesome5_Solid.ttf",
				"${PODS_ROOT}/../../node_modules/react-native-vector-icons/Fonts/Foundation.ttf",
				"${PODS_ROOT}/../../node_modules/react-native-vector-icons/Fonts/Ionicons.ttf",
				"${PODS_ROOT}/../../node_modules/react-native-vector-icons/Fonts/MaterialCommunityIcons.ttf",
				"${PODS_ROOT}/../../node_modules/react-native-vector-icons/Fonts/MaterialIcons.ttf",
				"${PODS_ROOT}/../../node_modules/react-native-vector-icons/Fonts/Octicons.ttf",
				"${PODS_ROOT}/../../node_modules/react-native-vector-icons/Fonts/SimpleLineIcons.ttf",
				"${PODS_ROOT}/../../node_modules/react-native-vector-icons/Fonts/Zocial.ttf",
			);
			name = "[CP] Copy Pods Resources";
			outputPaths = (
				"${TARGET_BUILD_DIR}/${UNLOCALIZED_RESOURCES_FOLDER_PATH}/Entypo.ttf",
				"${TARGET_BUILD_DIR}/${UNLOCALIZED_RESOURCES_FOLDER_PATH}/EvilIcons.ttf",
				"${TARGET_BUILD_DIR}/${UNLOCALIZED_RESOURCES_FOLDER_PATH}/Feather.ttf",
				"${TARGET_BUILD_DIR}/${UNLOCALIZED_RESOURCES_FOLDER_PATH}/FontAwesome.ttf",
				"${TARGET_BUILD_DIR}/${UNLOCALIZED_RESOURCES_FOLDER_PATH}/FontAwesome5_Brands.ttf",
				"${TARGET_BUILD_DIR}/${UNLOCALIZED_RESOURCES_FOLDER_PATH}/FontAwesome5_Regular.ttf",
				"${TARGET_BUILD_DIR}/${UNLOCALIZED_RESOURCES_FOLDER_PATH}/FontAwesome5_Solid.ttf",
				"${TARGET_BUILD_DIR}/${UNLOCALIZED_RESOURCES_FOLDER_PATH}/Foundation.ttf",
				"${TARGET_BUILD_DIR}/${UNLOCALIZED_RESOURCES_FOLDER_PATH}/Ionicons.ttf",
				"${TARGET_BUILD_DIR}/${UNLOCALIZED_RESOURCES_FOLDER_PATH}/MaterialCommunityIcons.ttf",
				"${TARGET_BUILD_DIR}/${UNLOCALIZED_RESOURCES_FOLDER_PATH}/MaterialIcons.ttf",
				"${TARGET_BUILD_DIR}/${UNLOCALIZED_RESOURCES_FOLDER_PATH}/Octicons.ttf",
				"${TARGET_BUILD_DIR}/${UNLOCALIZED_RESOURCES_FOLDER_PATH}/SimpleLineIcons.ttf",
				"${TARGET_BUILD_DIR}/${UNLOCALIZED_RESOURCES_FOLDER_PATH}/Zocial.ttf",
			);
			runOnlyForDeploymentPostprocessing = 0;
			shellPath = /bin/sh;
			shellScript = "\"${SRCROOT}/Pods/Target Support Files/Pods-RNKiwiMobile/Pods-RNKiwiMobile-resources.sh\"\n";
			showEnvVarsInLog = 0;
		};
/* End PBXShellScriptBuildPhase section */

/* Begin PBXSourcesBuildPhase section */
		13B07F871A680F5B00A75B9A /* Sources */ = {
			isa = PBXSourcesBuildPhase;
			buildActionMask = 2147483647;
			files = (
				13B07FBC1A68108700A75B9A /* AppDelegate.m in Sources */,
				13B07FC11A68108700A75B9A /* main.m in Sources */,
			);
			runOnlyForDeploymentPostprocessing = 0;
		};
		27E931AB20AD96780053AE19 /* Sources */ = {
			isa = PBXSourcesBuildPhase;
			buildActionMask = 2147483647;
			files = (
				27E931C120AD987C0053AE19 /* RNKiwiViewController.m in Sources */,
				2711987020B2A0C100C6292B /* RNKiwiSharedBridge.m in Sources */,
				686E005120B2E24B0013512F /* RNKiwiConstants.m in Sources */,
				2107154620B5677200E6C96B /* RNKiwiGestureController.m in Sources */,
			);
			runOnlyForDeploymentPostprocessing = 0;
		};
		27E931CE20ADA0600053AE19 /* Sources */ = {
			isa = PBXSourcesBuildPhase;
			buildActionMask = 2147483647;
			files = (
				27E931D920ADA0600053AE19 /* ViewController.m in Sources */,
				27E931E420ADA0630053AE19 /* main.m in Sources */,
				21B8D73221834B830079431F /* City.m in Sources */,
				27E931D620ADA0600053AE19 /* AppDelegate.m in Sources */,
			);
			runOnlyForDeploymentPostprocessing = 0;
		};
/* End PBXSourcesBuildPhase section */

/* Begin PBXTargetDependency section */
		215881F720C7FF140016707A /* PBXTargetDependency */ = {
			isa = PBXTargetDependency;
			target = 27E931AF20AD96780053AE19 /* RNKiwiMobile */;
			targetProxy = 215881F620C7FF140016707A /* PBXContainerItemProxy */;
		};
/* End PBXTargetDependency section */

/* Begin PBXVariantGroup section */
		13B07FB11A68108700A75B9A /* LaunchScreen.xib */ = {
			isa = PBXVariantGroup;
			children = (
				13B07FB21A68108700A75B9A /* Base */,
			);
			name = LaunchScreen.xib;
			path = reactNativeApp;
			sourceTree = "<group>";
		};
		27E931DA20ADA0600053AE19 /* Main.storyboard */ = {
			isa = PBXVariantGroup;
			children = (
				27E931DB20ADA0600053AE19 /* Base */,
			);
			name = Main.storyboard;
			sourceTree = "<group>";
		};
		27E931DF20ADA0630053AE19 /* LaunchScreen.storyboard */ = {
			isa = PBXVariantGroup;
			children = (
				27E931E020ADA0630053AE19 /* Base */,
			);
			name = LaunchScreen.storyboard;
			sourceTree = "<group>";
		};
/* End PBXVariantGroup section */

/* Begin XCBuildConfiguration section */
		13B07F941A680F5B00A75B9A /* Debug */ = {
			isa = XCBuildConfiguration;
			baseConfigurationReference = D9EB95B82ECBF86CAF3AF472 /* Pods-reactNativeApp.debug.xcconfig */;
			buildSettings = {
				ASSETCATALOG_COMPILER_APPICON_NAME = AppIcon;
				CLANG_ENABLE_MODULES = YES;
				CODEPUSH_KEY = "";
				CODE_SIGN_STYLE = Automatic;
				CURRENT_PROJECT_VERSION = 18;
				DEAD_CODE_STRIPPING = NO;
				DEVELOPMENT_TEAM = G44VYF3687;
				HEADER_SEARCH_PATHS = "$(inherited)";
				INFOPLIST_FILE = reactNativeApp/Info.plist;
				LD_RUNPATH_SEARCH_PATHS = "$(inherited) @executable_path/Frameworks";
				OTHER_LDFLAGS = (
					"$(inherited)",
					"-ObjC",
					"-lc++",
				);
				PRODUCT_BUNDLE_IDENTIFIER = com.kiwi.reactNative;
				PRODUCT_NAME = reactNativeApp;
				PROVISIONING_PROFILE_SPECIFIER = "";
				SWIFT_OBJC_BRIDGING_HEADER = "";
				SWIFT_OPTIMIZATION_LEVEL = "-Onone";
				SWIFT_VERSION = 3.0;
				TARGETED_DEVICE_FAMILY = "1,2";
				VERSIONING_SYSTEM = "apple-generic";
			};
			name = Debug;
		};
		13B07F951A680F5B00A75B9A /* Release */ = {
			isa = XCBuildConfiguration;
			baseConfigurationReference = F1CBA12F9C74CC3D03C0D84C /* Pods-reactNativeApp.release.xcconfig */;
			buildSettings = {
				ASSETCATALOG_COMPILER_APPICON_NAME = AppIcon;
				CLANG_ENABLE_MODULES = YES;
				CODEPUSH_KEY = "$(RELEASE_CODEPUSH_KEY)";
				CODE_SIGN_STYLE = Automatic;
				CURRENT_PROJECT_VERSION = 18;
				DEVELOPMENT_TEAM = G44VYF3687;
				HEADER_SEARCH_PATHS = "$(inherited)";
				INFOPLIST_FILE = reactNativeApp/Info.plist;
				LD_RUNPATH_SEARCH_PATHS = "$(inherited) @executable_path/Frameworks";
				OTHER_LDFLAGS = (
					"$(inherited)",
					"-ObjC",
					"-lc++",
				);
				PRODUCT_BUNDLE_IDENTIFIER = com.kiwi.reactNative;
				PRODUCT_NAME = reactNativeApp;
				PROVISIONING_PROFILE_SPECIFIER = "";
				SWIFT_OBJC_BRIDGING_HEADER = "";
				SWIFT_VERSION = 3.0;
				TARGETED_DEVICE_FAMILY = "1,2";
				VERSIONING_SYSTEM = "apple-generic";
			};
			name = Release;
		};
		217466762174BF9600FF1F3A /* Staging */ = {
			isa = XCBuildConfiguration;
			baseConfigurationReference = 21CB5C092188C47900A22229 /* example_keys.xcconfig */;
			buildSettings = {
				ALWAYS_SEARCH_USER_PATHS = NO;
				CLANG_CXX_LANGUAGE_STANDARD = "gnu++0x";
				CLANG_CXX_LIBRARY = "libc++";
				CLANG_ENABLE_MODULES = YES;
				CLANG_ENABLE_OBJC_ARC = YES;
				CLANG_WARN_BOOL_CONVERSION = YES;
				CLANG_WARN_CONSTANT_CONVERSION = YES;
				CLANG_WARN_DIRECT_OBJC_ISA_USAGE = YES_ERROR;
				CLANG_WARN_EMPTY_BODY = YES;
				CLANG_WARN_ENUM_CONVERSION = YES;
				CLANG_WARN_INT_CONVERSION = YES;
				CLANG_WARN_OBJC_ROOT_CLASS = YES_ERROR;
				CLANG_WARN_UNREACHABLE_CODE = YES;
				CLANG_WARN__DUPLICATE_METHOD_MATCH = YES;
				CODEPUSH_KEY = "$(STAGING_CODEPUSH_KEY)";
				CONFIGURATION_BUILD_DIR = "$(BUILD_DIR)/Release$(EFFECTIVE_PLATFORM_NAME)";
				COPY_PHASE_STRIP = YES;
				DEVELOPMENT_TEAM = G44VYF3687;
				ENABLE_NS_ASSERTIONS = NO;
				ENABLE_STRICT_OBJC_MSGSEND = YES;
				GCC_C_LANGUAGE_STANDARD = gnu99;
				GCC_WARN_64_TO_32_BIT_CONVERSION = YES;
				GCC_WARN_ABOUT_RETURN_TYPE = YES_ERROR;
				GCC_WARN_UNDECLARED_SELECTOR = YES;
				GCC_WARN_UNINITIALIZED_AUTOS = YES_AGGRESSIVE;
				GCC_WARN_UNUSED_FUNCTION = YES;
				GCC_WARN_UNUSED_VARIABLE = YES;
				IPHONEOS_DEPLOYMENT_TARGET = 8.0;
				MTL_ENABLE_DEBUG_INFO = NO;
				SDKROOT = iphoneos;
				VALIDATE_PRODUCT = YES;
			};
			name = Staging;
		};
		217466772174BF9600FF1F3A /* Staging */ = {
			isa = XCBuildConfiguration;
			baseConfigurationReference = 061B5B242124401AB0BFCE38 /* Pods-reactNativeApp.staging.xcconfig */;
			buildSettings = {
				ASSETCATALOG_COMPILER_APPICON_NAME = AppIcon;
				CLANG_ENABLE_MODULES = YES;
				CODEPUSH_KEY = "$(STAGING_CODEPUSH_KEY)";
				CODE_SIGN_STYLE = Automatic;
				CURRENT_PROJECT_VERSION = 18;
				DEVELOPMENT_TEAM = G44VYF3687;
				HEADER_SEARCH_PATHS = "$(inherited)";
				INFOPLIST_FILE = reactNativeApp/Info.plist;
				LD_RUNPATH_SEARCH_PATHS = "$(inherited) @executable_path/Frameworks";
				OTHER_LDFLAGS = (
					"$(inherited)",
					"-ObjC",
					"-lc++",
				);
				PRODUCT_BUNDLE_IDENTIFIER = com.kiwi.reactNative;
				PRODUCT_NAME = reactNativeApp;
				PROVISIONING_PROFILE_SPECIFIER = "";
				SWIFT_OBJC_BRIDGING_HEADER = "";
				SWIFT_VERSION = 3.0;
				TARGETED_DEVICE_FAMILY = "1,2";
				VERSIONING_SYSTEM = "apple-generic";
			};
			name = Staging;
		};
		217466782174BF9600FF1F3A /* Staging */ = {
			isa = XCBuildConfiguration;
			baseConfigurationReference = 00DA89B53EF7CDBADBC96DBF /* Pods-RNKiwiMobile.staging.xcconfig */;
			buildSettings = {
				CLANG_ANALYZER_NONNULL = YES;
				CLANG_ANALYZER_NUMBER_OBJECT_CONVERSION = YES_AGGRESSIVE;
				CLANG_CXX_LANGUAGE_STANDARD = "gnu++14";
				CLANG_ENABLE_OBJC_WEAK = YES;
				CLANG_WARN_BLOCK_CAPTURE_AUTORELEASING = YES;
				CLANG_WARN_COMMA = YES;
				CLANG_WARN_DEPRECATED_OBJC_IMPLEMENTATIONS = YES;
				CLANG_WARN_DOCUMENTATION_COMMENTS = YES;
				CLANG_WARN_INFINITE_RECURSION = YES;
				CLANG_WARN_NON_LITERAL_NULL_CONVERSION = YES;
				CLANG_WARN_OBJC_IMPLICIT_RETAIN_SELF = YES;
				CLANG_WARN_OBJC_LITERAL_CONVERSION = YES;
				CLANG_WARN_RANGE_LOOP_ANALYSIS = YES;
				CLANG_WARN_STRICT_PROTOTYPES = YES;
				CLANG_WARN_SUSPICIOUS_MOVE = YES;
				CLANG_WARN_UNGUARDED_AVAILABILITY = YES_AGGRESSIVE;
				CODE_SIGN_STYLE = Automatic;
				COPY_PHASE_STRIP = NO;
				CURRENT_PROJECT_VERSION = 3;
				DEBUG_INFORMATION_FORMAT = "dwarf-with-dsym";
				DEFINES_MODULE = YES;
				DEVELOPMENT_TEAM = G44VYF3687;
				DYLIB_COMPATIBILITY_VERSION = 1;
				DYLIB_CURRENT_VERSION = 3;
				DYLIB_INSTALL_NAME_BASE = "@rpath";
				GCC_C_LANGUAGE_STANDARD = gnu11;
				GCC_NO_COMMON_BLOCKS = YES;
				INFOPLIST_FILE = RNKiwiMobile/Info.plist;
				INSTALL_PATH = "$(LOCAL_LIBRARY_DIR)/Frameworks";
				IPHONEOS_DEPLOYMENT_TARGET = 9.0;
				LD_RUNPATH_SEARCH_PATHS = "$(inherited) @executable_path/Frameworks @loader_path/Frameworks";
				PRODUCT_BUNDLE_IDENTIFIER = com.kiwi.RNKiwiMobile;
				PRODUCT_NAME = "$(TARGET_NAME:c99extidentifier)";
				SKIP_INSTALL = YES;
				TARGETED_DEVICE_FAMILY = "1,2";
				VERSIONING_SYSTEM = "apple-generic";
				VERSION_INFO_PREFIX = "";
			};
			name = Staging;
		};
		217466792174BF9600FF1F3A /* Staging */ = {
			isa = XCBuildConfiguration;
			buildSettings = {
				ASSETCATALOG_COMPILER_APPICON_NAME = AppIcon;
				CLANG_ALLOW_NON_MODULAR_INCLUDES_IN_FRAMEWORK_MODULES = NO;
				CLANG_ANALYZER_NONNULL = YES;
				CLANG_ANALYZER_NUMBER_OBJECT_CONVERSION = YES_AGGRESSIVE;
				CLANG_CXX_LANGUAGE_STANDARD = "gnu++14";
				CLANG_ENABLE_OBJC_WEAK = YES;
				CLANG_WARN_BLOCK_CAPTURE_AUTORELEASING = YES;
				CLANG_WARN_COMMA = YES;
				CLANG_WARN_DEPRECATED_OBJC_IMPLEMENTATIONS = YES;
				CLANG_WARN_DOCUMENTATION_COMMENTS = YES;
				CLANG_WARN_INFINITE_RECURSION = YES;
				CLANG_WARN_NON_LITERAL_NULL_CONVERSION = YES;
				CLANG_WARN_OBJC_IMPLICIT_RETAIN_SELF = YES;
				CLANG_WARN_OBJC_LITERAL_CONVERSION = YES;
				CLANG_WARN_RANGE_LOOP_ANALYSIS = YES;
				CLANG_WARN_STRICT_PROTOTYPES = YES;
				CLANG_WARN_SUSPICIOUS_MOVE = YES;
				CLANG_WARN_UNGUARDED_AVAILABILITY = YES_AGGRESSIVE;
				CODE_SIGN_STYLE = Automatic;
				COPY_PHASE_STRIP = NO;
				DEBUG_INFORMATION_FORMAT = "dwarf-with-dsym";
				DEVELOPMENT_TEAM = G44VYF3687;
				FRAMEWORK_SEARCH_PATHS = "";
				GCC_C_LANGUAGE_STANDARD = gnu11;
				GCC_NO_COMMON_BLOCKS = YES;
				INFOPLIST_FILE = RNNativePlayground/Info.plist;
				IPHONEOS_DEPLOYMENT_TARGET = 11.3;
				LD_RUNPATH_SEARCH_PATHS = "$(inherited) @executable_path/Frameworks";
				PRODUCT_BUNDLE_IDENTIFIER = com.kiwi.mobile.rniosplayground;
				PRODUCT_NAME = "$(TARGET_NAME)";
				TARGETED_DEVICE_FAMILY = "1,2";
			};
			name = Staging;
		};
		27E931B520AD96790053AE19 /* Debug */ = {
			isa = XCBuildConfiguration;
			baseConfigurationReference = 7362EE36714587FAF8D16632 /* Pods-RNKiwiMobile.debug.xcconfig */;
			buildSettings = {
				CLANG_ANALYZER_NONNULL = YES;
				CLANG_ANALYZER_NUMBER_OBJECT_CONVERSION = YES_AGGRESSIVE;
				CLANG_CXX_LANGUAGE_STANDARD = "gnu++14";
				CLANG_ENABLE_OBJC_WEAK = YES;
				CLANG_WARN_BLOCK_CAPTURE_AUTORELEASING = YES;
				CLANG_WARN_COMMA = YES;
				CLANG_WARN_DEPRECATED_OBJC_IMPLEMENTATIONS = YES;
				CLANG_WARN_DOCUMENTATION_COMMENTS = YES;
				CLANG_WARN_INFINITE_RECURSION = YES;
				CLANG_WARN_NON_LITERAL_NULL_CONVERSION = YES;
				CLANG_WARN_OBJC_IMPLICIT_RETAIN_SELF = YES;
				CLANG_WARN_OBJC_LITERAL_CONVERSION = YES;
				CLANG_WARN_RANGE_LOOP_ANALYSIS = YES;
				CLANG_WARN_STRICT_PROTOTYPES = YES;
				CLANG_WARN_SUSPICIOUS_MOVE = YES;
				CLANG_WARN_UNGUARDED_AVAILABILITY = YES_AGGRESSIVE;
				CODE_SIGN_STYLE = Automatic;
				CURRENT_PROJECT_VERSION = 3;
				DEBUG_INFORMATION_FORMAT = dwarf;
				DEFINES_MODULE = YES;
				DEVELOPMENT_TEAM = G44VYF3687;
				DYLIB_COMPATIBILITY_VERSION = 1;
				DYLIB_CURRENT_VERSION = 3;
				DYLIB_INSTALL_NAME_BASE = "@rpath";
				ENABLE_TESTABILITY = YES;
				GCC_C_LANGUAGE_STANDARD = gnu11;
				GCC_NO_COMMON_BLOCKS = YES;
				INFOPLIST_FILE = RNKiwiMobile/Info.plist;
				INSTALL_PATH = "$(LOCAL_LIBRARY_DIR)/Frameworks";
				IPHONEOS_DEPLOYMENT_TARGET = 9.0;
				LD_RUNPATH_SEARCH_PATHS = "$(inherited) @executable_path/Frameworks @loader_path/Frameworks";
				PRODUCT_BUNDLE_IDENTIFIER = com.kiwi.RNKiwiMobile;
				PRODUCT_NAME = "$(TARGET_NAME:c99extidentifier)";
				SKIP_INSTALL = YES;
				TARGETED_DEVICE_FAMILY = "1,2";
				VERSIONING_SYSTEM = "apple-generic";
				VERSION_INFO_PREFIX = "";
			};
			name = Debug;
		};
		27E931B620AD96790053AE19 /* Release */ = {
			isa = XCBuildConfiguration;
			baseConfigurationReference = B4E7213E71A344C5AE638015 /* Pods-RNKiwiMobile.release.xcconfig */;
			buildSettings = {
				CLANG_ANALYZER_NONNULL = YES;
				CLANG_ANALYZER_NUMBER_OBJECT_CONVERSION = YES_AGGRESSIVE;
				CLANG_CXX_LANGUAGE_STANDARD = "gnu++14";
				CLANG_ENABLE_OBJC_WEAK = YES;
				CLANG_WARN_BLOCK_CAPTURE_AUTORELEASING = YES;
				CLANG_WARN_COMMA = YES;
				CLANG_WARN_DEPRECATED_OBJC_IMPLEMENTATIONS = YES;
				CLANG_WARN_DOCUMENTATION_COMMENTS = YES;
				CLANG_WARN_INFINITE_RECURSION = YES;
				CLANG_WARN_NON_LITERAL_NULL_CONVERSION = YES;
				CLANG_WARN_OBJC_IMPLICIT_RETAIN_SELF = YES;
				CLANG_WARN_OBJC_LITERAL_CONVERSION = YES;
				CLANG_WARN_RANGE_LOOP_ANALYSIS = YES;
				CLANG_WARN_STRICT_PROTOTYPES = YES;
				CLANG_WARN_SUSPICIOUS_MOVE = YES;
				CLANG_WARN_UNGUARDED_AVAILABILITY = YES_AGGRESSIVE;
				CODE_SIGN_STYLE = Automatic;
				COPY_PHASE_STRIP = NO;
				CURRENT_PROJECT_VERSION = 3;
				DEBUG_INFORMATION_FORMAT = "dwarf-with-dsym";
				DEFINES_MODULE = YES;
				DEVELOPMENT_TEAM = G44VYF3687;
				DYLIB_COMPATIBILITY_VERSION = 1;
				DYLIB_CURRENT_VERSION = 3;
				DYLIB_INSTALL_NAME_BASE = "@rpath";
				GCC_C_LANGUAGE_STANDARD = gnu11;
				GCC_NO_COMMON_BLOCKS = YES;
				INFOPLIST_FILE = RNKiwiMobile/Info.plist;
				INSTALL_PATH = "$(LOCAL_LIBRARY_DIR)/Frameworks";
				IPHONEOS_DEPLOYMENT_TARGET = 9.0;
				LD_RUNPATH_SEARCH_PATHS = "$(inherited) @executable_path/Frameworks @loader_path/Frameworks";
				PRODUCT_BUNDLE_IDENTIFIER = com.kiwi.RNKiwiMobile;
				PRODUCT_NAME = "$(TARGET_NAME:c99extidentifier)";
				SKIP_INSTALL = YES;
				TARGETED_DEVICE_FAMILY = "1,2";
				VERSIONING_SYSTEM = "apple-generic";
				VERSION_INFO_PREFIX = "";
			};
			name = Release;
		};
		27E931E520ADA0630053AE19 /* Debug */ = {
			isa = XCBuildConfiguration;
			buildSettings = {
				ASSETCATALOG_COMPILER_APPICON_NAME = AppIcon;
				CLANG_ALLOW_NON_MODULAR_INCLUDES_IN_FRAMEWORK_MODULES = NO;
				CLANG_ANALYZER_NONNULL = YES;
				CLANG_ANALYZER_NUMBER_OBJECT_CONVERSION = YES_AGGRESSIVE;
				CLANG_CXX_LANGUAGE_STANDARD = "gnu++14";
				CLANG_ENABLE_OBJC_WEAK = YES;
				CLANG_WARN_BLOCK_CAPTURE_AUTORELEASING = YES;
				CLANG_WARN_COMMA = YES;
				CLANG_WARN_DEPRECATED_OBJC_IMPLEMENTATIONS = YES;
				CLANG_WARN_DOCUMENTATION_COMMENTS = YES;
				CLANG_WARN_INFINITE_RECURSION = YES;
				CLANG_WARN_NON_LITERAL_NULL_CONVERSION = YES;
				CLANG_WARN_OBJC_IMPLICIT_RETAIN_SELF = YES;
				CLANG_WARN_OBJC_LITERAL_CONVERSION = YES;
				CLANG_WARN_RANGE_LOOP_ANALYSIS = YES;
				CLANG_WARN_STRICT_PROTOTYPES = YES;
				CLANG_WARN_SUSPICIOUS_MOVE = YES;
				CLANG_WARN_UNGUARDED_AVAILABILITY = YES_AGGRESSIVE;
				CODE_SIGN_STYLE = Automatic;
				DEBUG_INFORMATION_FORMAT = dwarf;
				DEVELOPMENT_TEAM = G44VYF3687;
				ENABLE_TESTABILITY = YES;
				FRAMEWORK_SEARCH_PATHS = "";
				GCC_C_LANGUAGE_STANDARD = gnu11;
				GCC_NO_COMMON_BLOCKS = YES;
				INFOPLIST_FILE = RNNativePlayground/Info.plist;
				IPHONEOS_DEPLOYMENT_TARGET = 11.3;
				LD_RUNPATH_SEARCH_PATHS = "$(inherited) @executable_path/Frameworks";
				PRODUCT_BUNDLE_IDENTIFIER = com.kiwi.mobile.rniosplayground;
				PRODUCT_NAME = "$(TARGET_NAME)";
				TARGETED_DEVICE_FAMILY = "1,2";
			};
			name = Debug;
		};
		27E931E620ADA0630053AE19 /* Release */ = {
			isa = XCBuildConfiguration;
			buildSettings = {
				ASSETCATALOG_COMPILER_APPICON_NAME = AppIcon;
				CLANG_ALLOW_NON_MODULAR_INCLUDES_IN_FRAMEWORK_MODULES = NO;
				CLANG_ANALYZER_NONNULL = YES;
				CLANG_ANALYZER_NUMBER_OBJECT_CONVERSION = YES_AGGRESSIVE;
				CLANG_CXX_LANGUAGE_STANDARD = "gnu++14";
				CLANG_ENABLE_OBJC_WEAK = YES;
				CLANG_WARN_BLOCK_CAPTURE_AUTORELEASING = YES;
				CLANG_WARN_COMMA = YES;
				CLANG_WARN_DEPRECATED_OBJC_IMPLEMENTATIONS = YES;
				CLANG_WARN_DOCUMENTATION_COMMENTS = YES;
				CLANG_WARN_INFINITE_RECURSION = YES;
				CLANG_WARN_NON_LITERAL_NULL_CONVERSION = YES;
				CLANG_WARN_OBJC_IMPLICIT_RETAIN_SELF = YES;
				CLANG_WARN_OBJC_LITERAL_CONVERSION = YES;
				CLANG_WARN_RANGE_LOOP_ANALYSIS = YES;
				CLANG_WARN_STRICT_PROTOTYPES = YES;
				CLANG_WARN_SUSPICIOUS_MOVE = YES;
				CLANG_WARN_UNGUARDED_AVAILABILITY = YES_AGGRESSIVE;
				CODE_SIGN_STYLE = Automatic;
				COPY_PHASE_STRIP = NO;
				DEBUG_INFORMATION_FORMAT = "dwarf-with-dsym";
				DEVELOPMENT_TEAM = G44VYF3687;
				FRAMEWORK_SEARCH_PATHS = "";
				GCC_C_LANGUAGE_STANDARD = gnu11;
				GCC_NO_COMMON_BLOCKS = YES;
				INFOPLIST_FILE = RNNativePlayground/Info.plist;
				IPHONEOS_DEPLOYMENT_TARGET = 11.3;
				LD_RUNPATH_SEARCH_PATHS = "$(inherited) @executable_path/Frameworks";
				PRODUCT_BUNDLE_IDENTIFIER = com.kiwi.mobile.rniosplayground;
				PRODUCT_NAME = "$(TARGET_NAME)";
				TARGETED_DEVICE_FAMILY = "1,2";
			};
			name = Release;
		};
		83CBBA201A601CBA00E9B192 /* Debug */ = {
			isa = XCBuildConfiguration;
			buildSettings = {
				ALWAYS_SEARCH_USER_PATHS = NO;
				CLANG_CXX_LANGUAGE_STANDARD = "gnu++0x";
				CLANG_CXX_LIBRARY = "libc++";
				CLANG_ENABLE_MODULES = YES;
				CLANG_ENABLE_OBJC_ARC = YES;
				CLANG_WARN_BOOL_CONVERSION = YES;
				CLANG_WARN_CONSTANT_CONVERSION = YES;
				CLANG_WARN_DIRECT_OBJC_ISA_USAGE = YES_ERROR;
				CLANG_WARN_EMPTY_BODY = YES;
				CLANG_WARN_ENUM_CONVERSION = YES;
				CLANG_WARN_INT_CONVERSION = YES;
				CLANG_WARN_OBJC_ROOT_CLASS = YES_ERROR;
				CLANG_WARN_UNREACHABLE_CODE = YES;
				CLANG_WARN__DUPLICATE_METHOD_MATCH = YES;
				CODEPUSH_KEY = "";
				COPY_PHASE_STRIP = NO;
				DEVELOPMENT_TEAM = G44VYF3687;
				ENABLE_STRICT_OBJC_MSGSEND = YES;
				GCC_C_LANGUAGE_STANDARD = gnu99;
				GCC_DYNAMIC_NO_PIC = NO;
				GCC_OPTIMIZATION_LEVEL = 0;
				GCC_PREPROCESSOR_DEFINITIONS = (
					"DEBUG=1",
					"$(inherited)",
				);
				GCC_SYMBOLS_PRIVATE_EXTERN = NO;
				GCC_WARN_64_TO_32_BIT_CONVERSION = YES;
				GCC_WARN_ABOUT_RETURN_TYPE = YES_ERROR;
				GCC_WARN_UNDECLARED_SELECTOR = YES;
				GCC_WARN_UNINITIALIZED_AUTOS = YES_AGGRESSIVE;
				GCC_WARN_UNUSED_FUNCTION = YES;
				GCC_WARN_UNUSED_VARIABLE = YES;
				IPHONEOS_DEPLOYMENT_TARGET = 8.0;
				MTL_ENABLE_DEBUG_INFO = YES;
				ONLY_ACTIVE_ARCH = YES;
				SDKROOT = iphoneos;
			};
			name = Debug;
		};
		83CBBA211A601CBA00E9B192 /* Release */ = {
			isa = XCBuildConfiguration;
			buildSettings = {
				ALWAYS_SEARCH_USER_PATHS = NO;
				CLANG_CXX_LANGUAGE_STANDARD = "gnu++0x";
				CLANG_CXX_LIBRARY = "libc++";
				CLANG_ENABLE_MODULES = YES;
				CLANG_ENABLE_OBJC_ARC = YES;
				CLANG_WARN_BOOL_CONVERSION = YES;
				CLANG_WARN_CONSTANT_CONVERSION = YES;
				CLANG_WARN_DIRECT_OBJC_ISA_USAGE = YES_ERROR;
				CLANG_WARN_EMPTY_BODY = YES;
				CLANG_WARN_ENUM_CONVERSION = YES;
				CLANG_WARN_INT_CONVERSION = YES;
				CLANG_WARN_OBJC_ROOT_CLASS = YES_ERROR;
				CLANG_WARN_UNREACHABLE_CODE = YES;
				CLANG_WARN__DUPLICATE_METHOD_MATCH = YES;
				CODEPUSH_KEY = "$(RELEASE_CODEPUSH_KEY)";
				COPY_PHASE_STRIP = YES;
				DEVELOPMENT_TEAM = G44VYF3687;
				ENABLE_NS_ASSERTIONS = NO;
				ENABLE_STRICT_OBJC_MSGSEND = YES;
				GCC_C_LANGUAGE_STANDARD = gnu99;
				GCC_WARN_64_TO_32_BIT_CONVERSION = YES;
				GCC_WARN_ABOUT_RETURN_TYPE = YES_ERROR;
				GCC_WARN_UNDECLARED_SELECTOR = YES;
				GCC_WARN_UNINITIALIZED_AUTOS = YES_AGGRESSIVE;
				GCC_WARN_UNUSED_FUNCTION = YES;
				GCC_WARN_UNUSED_VARIABLE = YES;
				IPHONEOS_DEPLOYMENT_TARGET = 8.0;
				MTL_ENABLE_DEBUG_INFO = NO;
				SDKROOT = iphoneos;
				VALIDATE_PRODUCT = YES;
			};
			name = Release;
		};
/* End XCBuildConfiguration section */

/* Begin XCConfigurationList section */
		13B07F931A680F5B00A75B9A /* Build configuration list for PBXNativeTarget "reactNativeApp" */ = {
			isa = XCConfigurationList;
			buildConfigurations = (
				13B07F941A680F5B00A75B9A /* Debug */,
				13B07F951A680F5B00A75B9A /* Release */,
				217466772174BF9600FF1F3A /* Staging */,
			);
			defaultConfigurationIsVisible = 0;
			defaultConfigurationName = Release;
		};
		27E931B720AD96790053AE19 /* Build configuration list for PBXNativeTarget "RNKiwiMobile" */ = {
			isa = XCConfigurationList;
			buildConfigurations = (
				27E931B520AD96790053AE19 /* Debug */,
				27E931B620AD96790053AE19 /* Release */,
				217466782174BF9600FF1F3A /* Staging */,
			);
			defaultConfigurationIsVisible = 0;
			defaultConfigurationName = Release;
		};
		27E931E720ADA0630053AE19 /* Build configuration list for PBXNativeTarget "RNNativePlayground" */ = {
			isa = XCConfigurationList;
			buildConfigurations = (
				27E931E520ADA0630053AE19 /* Debug */,
				27E931E620ADA0630053AE19 /* Release */,
				217466792174BF9600FF1F3A /* Staging */,
			);
			defaultConfigurationIsVisible = 0;
			defaultConfigurationName = Release;
		};
		83CBB9FA1A601CBA00E9B192 /* Build configuration list for PBXProject "reactNativeApp" */ = {
			isa = XCConfigurationList;
			buildConfigurations = (
				83CBBA201A601CBA00E9B192 /* Debug */,
				83CBBA211A601CBA00E9B192 /* Release */,
				217466762174BF9600FF1F3A /* Staging */,
			);
			defaultConfigurationIsVisible = 0;
			defaultConfigurationName = Release;
		};
/* End XCConfigurationList section */
	};
	rootObject = 83CBB9F71A601CBA00E9B192 /* Project object */;
}
