// !$*UTF8*$!
{
	archiveVersion = 1;
	classes = {
	};
	objectVersion = 48;
	objects = {

/* Begin PBXBuildFile section */
		2C0F16952031DADA0042FFEA /* RNLoggingModule.m in Sources */ = {isa = PBXBuildFile; fileRef = 2C0F16932031DADA0042FFEA /* RNLoggingModule.m */; };
		2CB79943219F54B200CE7790 /* RNMessageLogger.m in Sources */ = {isa = PBXBuildFile; fileRef = 2CB79942219F54B200CE7790 /* RNMessageLogger.m */; };
		2CB79946219F54C100CE7790 /* RNDummyLogger.m in Sources */ = {isa = PBXBuildFile; fileRef = 2CB79945219F54C100CE7790 /* RNDummyLogger.m */; };
		D049D43AD1B9327C11C9BF07 /* libPods-RNLogging.a in Frameworks */ = {isa = PBXBuildFile; fileRef = 13B8E595CDC8D3ED79F2F209 /* libPods-RNLogging.a */; };
/* End PBXBuildFile section */

/* Begin PBXCopyFilesBuildPhase section */
		2C0F16852031DAB00042FFEA /* CopyFiles */ = {
			isa = PBXCopyFilesBuildPhase;
			buildActionMask = 2147483647;
			dstPath = "include/$(PRODUCT_NAME)";
			dstSubfolderSpec = 16;
			files = (
			);
			runOnlyForDeploymentPostprocessing = 0;
		};
/* End PBXCopyFilesBuildPhase section */

/* Begin PBXFileReference section */
		13B8E595CDC8D3ED79F2F209 /* libPods-RNLogging.a */ = {isa = PBXFileReference; explicitFileType = archive.ar; includeInIndex = 0; path = "libPods-RNLogging.a"; sourceTree = BUILT_PRODUCTS_DIR; };
		2C0F16872031DAB00042FFEA /* libRNLogging.a */ = {isa = PBXFileReference; explicitFileType = archive.ar; includeInIndex = 0; path = libRNLogging.a; sourceTree = BUILT_PRODUCTS_DIR; };
		2C0F16932031DADA0042FFEA /* RNLoggingModule.m */ = {isa = PBXFileReference; fileEncoding = 4; lastKnownFileType = sourcecode.c.objc; path = RNLoggingModule.m; sourceTree = "<group>"; };
		2C0F16942031DADA0042FFEA /* RNLoggingModule.h */ = {isa = PBXFileReference; fileEncoding = 4; lastKnownFileType = sourcecode.c.h; path = RNLoggingModule.h; sourceTree = "<group>"; };
		2CB79941219F54B200CE7790 /* RNMessageLogger.h */ = {isa = PBXFileReference; fileEncoding = 4; lastKnownFileType = sourcecode.c.h; path = RNMessageLogger.h; sourceTree = "<group>"; };
		2CB79942219F54B200CE7790 /* RNMessageLogger.m */ = {isa = PBXFileReference; fileEncoding = 4; lastKnownFileType = sourcecode.c.objc; path = RNMessageLogger.m; sourceTree = "<group>"; };
		2CB79944219F54C100CE7790 /* RNDummyLogger.h */ = {isa = PBXFileReference; lastKnownFileType = sourcecode.c.h; path = RNDummyLogger.h; sourceTree = "<group>"; };
		2CB79945219F54C100CE7790 /* RNDummyLogger.m */ = {isa = PBXFileReference; lastKnownFileType = sourcecode.c.objc; path = RNDummyLogger.m; sourceTree = "<group>"; };
		2CD79B3821938CAB001705B5 /* RNLogger.h */ = {isa = PBXFileReference; lastKnownFileType = sourcecode.c.h; path = RNLogger.h; sourceTree = "<group>"; };
		2CD79B3C21938EF4001705B5 /* RNLogging.h */ = {isa = PBXFileReference; lastKnownFileType = sourcecode.c.h; path = RNLogging.h; sourceTree = "<group>"; };
		36EDE1E57F09685555821BB5 /* Pods-RNLogging.release.xcconfig */ = {isa = PBXFileReference; includeInIndex = 1; lastKnownFileType = text.xcconfig; name = "Pods-RNLogging.release.xcconfig"; path = "Pods/Target Support Files/Pods-RNLogging/Pods-RNLogging.release.xcconfig"; sourceTree = "<group>"; };
		541B4401C866A776BFD988DD /* Pods-RNLogging.debug.xcconfig */ = {isa = PBXFileReference; includeInIndex = 1; lastKnownFileType = text.xcconfig; name = "Pods-RNLogging.debug.xcconfig"; path = "Pods/Target Support Files/Pods-RNLogging/Pods-RNLogging.debug.xcconfig"; sourceTree = "<group>"; };
/* End PBXFileReference section */

/* Begin PBXFrameworksBuildPhase section */
		2C0F16842031DAB00042FFEA /* Frameworks */ = {
			isa = PBXFrameworksBuildPhase;
			buildActionMask = 2147483647;
			files = (
				D049D43AD1B9327C11C9BF07 /* libPods-RNLogging.a in Frameworks */,
			);
			runOnlyForDeploymentPostprocessing = 0;
		};
/* End PBXFrameworksBuildPhase section */

/* Begin PBXGroup section */
		233E254AD7F80E03D21D7B8A /* Frameworks */ = {
			isa = PBXGroup;
			children = (
				13B8E595CDC8D3ED79F2F209 /* libPods-RNLogging.a */,
			);
			name = Frameworks;
			sourceTree = "<group>";
		};
		26C876BDFD83A6DD0299FB8C /* Pods */ = {
			isa = PBXGroup;
			children = (
				541B4401C866A776BFD988DD /* Pods-RNLogging.debug.xcconfig */,
				36EDE1E57F09685555821BB5 /* Pods-RNLogging.release.xcconfig */,
			);
			name = Pods;
			sourceTree = "<group>";
		};
		2C0F167E2031DAB00042FFEA = {
			isa = PBXGroup;
			children = (
				2C0F16892031DAB00042FFEA /* RNLogging */,
				2C0F16882031DAB00042FFEA /* Products */,
				26C876BDFD83A6DD0299FB8C /* Pods */,
				233E254AD7F80E03D21D7B8A /* Frameworks */,
			);
			sourceTree = "<group>";
		};
		2C0F16882031DAB00042FFEA /* Products */ = {
			isa = PBXGroup;
			children = (
				2C0F16872031DAB00042FFEA /* libRNLogging.a */,
			);
			name = Products;
			sourceTree = "<group>";
		};
		2C0F16892031DAB00042FFEA /* RNLogging */ = {
			isa = PBXGroup;
			children = (
				2CD79B3C21938EF4001705B5 /* RNLogging.h */,
				2CD79B3821938CAB001705B5 /* RNLogger.h */,
				2C0F16942031DADA0042FFEA /* RNLoggingModule.h */,
				2C0F16932031DADA0042FFEA /* RNLoggingModule.m */,
				2CB79944219F54C100CE7790 /* RNDummyLogger.h */,
				2CB79945219F54C100CE7790 /* RNDummyLogger.m */,
				2CB79941219F54B200CE7790 /* RNMessageLogger.h */,
				2CB79942219F54B200CE7790 /* RNMessageLogger.m */,
			);
			path = RNLogging;
			sourceTree = "<group>";
		};
/* End PBXGroup section */

/* Begin PBXNativeTarget section */
		2C0F16862031DAB00042FFEA /* RNLogging */ = {
			isa = PBXNativeTarget;
			buildConfigurationList = 2C0F16902031DAB00042FFEA /* Build configuration list for PBXNativeTarget "RNLogging" */;
			buildPhases = (
				7B4DDDC0A92783D13FE1B59F /* [CP] Check Pods Manifest.lock */,
				2C0F16832031DAB00042FFEA /* Sources */,
				2C0F16842031DAB00042FFEA /* Frameworks */,
				2C0F16852031DAB00042FFEA /* CopyFiles */,
				8797D8D8560FAAD6F35F0A85 /* [CP] Copy Pods Resources */,
			);
			buildRules = (
			);
			dependencies = (
			);
			name = RNLogging;
			productName = RNLogging;
			productReference = 2C0F16872031DAB00042FFEA /* libRNLogging.a */;
			productType = "com.apple.product-type.library.static";
		};
/* End PBXNativeTarget section */

/* Begin PBXProject section */
		2C0F167F2031DAB00042FFEA /* Project object */ = {
			isa = PBXProject;
			attributes = {
				LastUpgradeCheck = 0920;
				ORGANIZATIONNAME = Kiwi.com;
				TargetAttributes = {
					2C0F16862031DAB00042FFEA = {
						CreatedOnToolsVersion = 9.2;
						ProvisioningStyle = Automatic;
					};
				};
			};
			buildConfigurationList = 2C0F16822031DAB00042FFEA /* Build configuration list for PBXProject "RNLogging" */;
			compatibilityVersion = "Xcode 8.0";
			developmentRegion = en;
			hasScannedForEncodings = 0;
			knownRegions = (
				en,
			);
			mainGroup = 2C0F167E2031DAB00042FFEA;
			productRefGroup = 2C0F16882031DAB00042FFEA /* Products */;
			projectDirPath = "";
			projectRoot = "";
			targets = (
				2C0F16862031DAB00042FFEA /* RNLogging */,
			);
		};
/* End PBXProject section */

/* Begin PBXShellScriptBuildPhase section */
		7B4DDDC0A92783D13FE1B59F /* [CP] Check Pods Manifest.lock */ = {
			isa = PBXShellScriptBuildPhase;
			buildActionMask = 2147483647;
			files = (
			);
			inputPaths = (
				"${PODS_PODFILE_DIR_PATH}/Podfile.lock",
				"${PODS_ROOT}/Manifest.lock",
			);
			name = "[CP] Check Pods Manifest.lock";
			outputPaths = (
				"$(DERIVED_FILE_DIR)/Pods-RNLogging-checkManifestLockResult.txt",
			);
			runOnlyForDeploymentPostprocessing = 0;
			shellPath = /bin/sh;
			shellScript = "diff \"${PODS_PODFILE_DIR_PATH}/Podfile.lock\" \"${PODS_ROOT}/Manifest.lock\" > /dev/null\nif [ $? != 0 ] ; then\n    # print error to STDERR\n    echo \"error: The sandbox is not in sync with the Podfile.lock. Run 'pod install' or update your CocoaPods installation.\" >&2\n    exit 1\nfi\n# This output is used by Xcode 'outputs' to avoid re-running this script phase.\necho \"SUCCESS\" > \"${SCRIPT_OUTPUT_FILE_0}\"\n";
			showEnvVarsInLog = 0;
		};
		8797D8D8560FAAD6F35F0A85 /* [CP] Copy Pods Resources */ = {
			isa = PBXShellScriptBuildPhase;
			buildActionMask = 2147483647;
			files = (
			);
			inputPaths = (
			);
			name = "[CP] Copy Pods Resources";
			outputPaths = (
			);
			runOnlyForDeploymentPostprocessing = 0;
			shellPath = /bin/sh;
			shellScript = "\"${SRCROOT}/Pods/Target Support Files/Pods-RNLogging/Pods-RNLogging-resources.sh\"\n";
			showEnvVarsInLog = 0;
		};
/* End PBXShellScriptBuildPhase section */

/* Begin PBXSourcesBuildPhase section */
		2C0F16832031DAB00042FFEA /* Sources */ = {
			isa = PBXSourcesBuildPhase;
			buildActionMask = 2147483647;
			files = (
				2C0F16952031DADA0042FFEA /* RNLoggingModule.m in Sources */,
				2CB79943219F54B200CE7790 /* RNMessageLogger.m in Sources */,
				2CB79946219F54C100CE7790 /* RNDummyLogger.m in Sources */,
			);
			runOnlyForDeploymentPostprocessing = 0;
		};
/* End PBXSourcesBuildPhase section */

/* Begin XCBuildConfiguration section */
		2C0F168E2031DAB00042FFEA /* Debug */ = {
			isa = XCBuildConfiguration;
			buildSettings = {
				ALWAYS_SEARCH_USER_PATHS = NO;
				CLANG_ANALYZER_NONNULL = YES;
				CLANG_ANALYZER_NUMBER_OBJECT_CONVERSION = YES_AGGRESSIVE;
				CLANG_CXX_LANGUAGE_STANDARD = "gnu++14";
				CLANG_CXX_LIBRARY = "libc++";
				CLANG_ENABLE_MODULES = YES;
				CLANG_ENABLE_OBJC_ARC = YES;
				CLANG_WARN_BLOCK_CAPTURE_AUTORELEASING = YES;
				CLANG_WARN_BOOL_CONVERSION = YES;
				CLANG_WARN_COMMA = YES;
				CLANG_WARN_CONSTANT_CONVERSION = YES;
				CLANG_WARN_DIRECT_OBJC_ISA_USAGE = YES_ERROR;
				CLANG_WARN_DOCUMENTATION_COMMENTS = YES;
				CLANG_WARN_EMPTY_BODY = YES;
				CLANG_WARN_ENUM_CONVERSION = YES;
				CLANG_WARN_INFINITE_RECURSION = YES;
				CLANG_WARN_INT_CONVERSION = YES;
				CLANG_WARN_NON_LITERAL_NULL_CONVERSION = YES;
				CLANG_WARN_OBJC_LITERAL_CONVERSION = YES;
				CLANG_WARN_OBJC_ROOT_CLASS = YES_ERROR;
				CLANG_WARN_RANGE_LOOP_ANALYSIS = YES;
				CLANG_WARN_STRICT_PROTOTYPES = YES;
				CLANG_WARN_SUSPICIOUS_MOVE = YES;
				CLANG_WARN_UNGUARDED_AVAILABILITY = YES_AGGRESSIVE;
				CLANG_WARN_UNREACHABLE_CODE = YES;
				CLANG_WARN__DUPLICATE_METHOD_MATCH = YES;
				CODE_SIGN_IDENTITY = "iPhone Developer";
				COPY_PHASE_STRIP = NO;
				DEBUG_INFORMATION_FORMAT = dwarf;
				ENABLE_STRICT_OBJC_MSGSEND = YES;
				ENABLE_TESTABILITY = YES;
				GCC_C_LANGUAGE_STANDARD = gnu11;
				GCC_DYNAMIC_NO_PIC = NO;
				GCC_NO_COMMON_BLOCKS = YES;
				GCC_OPTIMIZATION_LEVEL = 0;
				GCC_PREPROCESSOR_DEFINITIONS = (
					"DEBUG=1",
					"$(inherited)",
				);
				GCC_WARN_64_TO_32_BIT_CONVERSION = YES;
				GCC_WARN_ABOUT_RETURN_TYPE = YES_ERROR;
				GCC_WARN_UNDECLARED_SELECTOR = YES;
				GCC_WARN_UNINITIALIZED_AUTOS = YES_AGGRESSIVE;
				GCC_WARN_UNUSED_FUNCTION = YES;
				GCC_WARN_UNUSED_VARIABLE = YES;
				IPHONEOS_DEPLOYMENT_TARGET = 11.2;
				MTL_ENABLE_DEBUG_INFO = YES;
				ONLY_ACTIVE_ARCH = YES;
				SDKROOT = iphoneos;
			};
			name = Debug;
		};
		2C0F168F2031DAB00042FFEA /* Release */ = {
			isa = XCBuildConfiguration;
			buildSettings = {
				ALWAYS_SEARCH_USER_PATHS = NO;
				CLANG_ANALYZER_NONNULL = YES;
				CLANG_ANALYZER_NUMBER_OBJECT_CONVERSION = YES_AGGRESSIVE;
				CLANG_CXX_LANGUAGE_STANDARD = "gnu++14";
				CLANG_CXX_LIBRARY = "libc++";
				CLANG_ENABLE_MODULES = YES;
				CLANG_ENABLE_OBJC_ARC = YES;
				CLANG_WARN_BLOCK_CAPTURE_AUTORELEASING = YES;
				CLANG_WARN_BOOL_CONVERSION = YES;
				CLANG_WARN_COMMA = YES;
				CLANG_WARN_CONSTANT_CONVERSION = YES;
				CLANG_WARN_DIRECT_OBJC_ISA_USAGE = YES_ERROR;
				CLANG_WARN_DOCUMENTATION_COMMENTS = YES;
				CLANG_WARN_EMPTY_BODY = YES;
				CLANG_WARN_ENUM_CONVERSION = YES;
				CLANG_WARN_INFINITE_RECURSION = YES;
				CLANG_WARN_INT_CONVERSION = YES;
				CLANG_WARN_NON_LITERAL_NULL_CONVERSION = YES;
				CLANG_WARN_OBJC_LITERAL_CONVERSION = YES;
				CLANG_WARN_OBJC_ROOT_CLASS = YES_ERROR;
				CLANG_WARN_RANGE_LOOP_ANALYSIS = YES;
				CLANG_WARN_STRICT_PROTOTYPES = YES;
				CLANG_WARN_SUSPICIOUS_MOVE = YES;
				CLANG_WARN_UNGUARDED_AVAILABILITY = YES_AGGRESSIVE;
				CLANG_WARN_UNREACHABLE_CODE = YES;
				CLANG_WARN__DUPLICATE_METHOD_MATCH = YES;
				CODE_SIGN_IDENTITY = "iPhone Developer";
				COPY_PHASE_STRIP = NO;
				DEBUG_INFORMATION_FORMAT = "dwarf-with-dsym";
				ENABLE_NS_ASSERTIONS = NO;
				ENABLE_STRICT_OBJC_MSGSEND = YES;
				GCC_C_LANGUAGE_STANDARD = gnu11;
				GCC_NO_COMMON_BLOCKS = YES;
				GCC_WARN_64_TO_32_BIT_CONVERSION = YES;
				GCC_WARN_ABOUT_RETURN_TYPE = YES_ERROR;
				GCC_WARN_UNDECLARED_SELECTOR = YES;
				GCC_WARN_UNINITIALIZED_AUTOS = YES_AGGRESSIVE;
				GCC_WARN_UNUSED_FUNCTION = YES;
				GCC_WARN_UNUSED_VARIABLE = YES;
				IPHONEOS_DEPLOYMENT_TARGET = 11.2;
				MTL_ENABLE_DEBUG_INFO = NO;
				SDKROOT = iphoneos;
				VALIDATE_PRODUCT = YES;
			};
			name = Release;
		};
		2C0F16912031DAB00042FFEA /* Debug */ = {
			isa = XCBuildConfiguration;
			baseConfigurationReference = 541B4401C866A776BFD988DD /* Pods-RNLogging.debug.xcconfig */;
			buildSettings = {
				CODE_SIGN_STYLE = Automatic;
				DEVELOPMENT_TEAM = G44VYF3687;
				OTHER_LDFLAGS = "-ObjC";
				PRODUCT_NAME = "$(TARGET_NAME)";
				SKIP_INSTALL = YES;
				TARGETED_DEVICE_FAMILY = "1,2";
			};
			name = Debug;
		};
		2C0F16922031DAB00042FFEA /* Release */ = {
			isa = XCBuildConfiguration;
			baseConfigurationReference = 36EDE1E57F09685555821BB5 /* Pods-RNLogging.release.xcconfig */;
			buildSettings = {
				CODE_SIGN_STYLE = Automatic;
				DEVELOPMENT_TEAM = G44VYF3687;
				OTHER_LDFLAGS = "-ObjC";
				PRODUCT_NAME = "$(TARGET_NAME)";
				SKIP_INSTALL = YES;
				TARGETED_DEVICE_FAMILY = "1,2";
			};
			name = Release;
		};
/* End XCBuildConfiguration section */

/* Begin XCConfigurationList section */
		2C0F16822031DAB00042FFEA /* Build configuration list for PBXProject "RNLogging" */ = {
			isa = XCConfigurationList;
			buildConfigurations = (
				2C0F168E2031DAB00042FFEA /* Debug */,
				2C0F168F2031DAB00042FFEA /* Release */,
			);
			defaultConfigurationIsVisible = 0;
			defaultConfigurationName = Release;
		};
		2C0F16902031DAB00042FFEA /* Build configuration list for PBXNativeTarget "RNLogging" */ = {
			isa = XCConfigurationList;
			buildConfigurations = (
				2C0F16912031DAB00042FFEA /* Debug */,
				2C0F16922031DAB00042FFEA /* Release */,
			);
			defaultConfigurationIsVisible = 0;
			defaultConfigurationName = Release;
		};
/* End XCConfigurationList section */
	};
	rootObject = 2C0F167F2031DAB00042FFEA /* Project object */;
}
